{
  "version": 4,
  "terraform_version": "1.15.8",
  "serial": 1255,
  "lineage": "421b7357-1f6e-6a7e-9d2d-b78237d34aca",
  "outputs": {
    "alb_dns_name": {
      "value": "three-tier-alb-992599856.ap-south-1.elb.amazonaws.com",
      "type": "string"
    },
    "database_name": {
      "value": "employee_db",
      "type": "string"
    },
    "database_port": {
      "value": 3306,
      "type": "number"
    },
    "instance_id": {
      "value": "i-0dae5d45589283014",
      "type": "string"
    },
    "private_ip": {
      "value": "10.0.3.30",
      "type": "string"
    },
    "rds_endpoint": {
      "value": "three-tier-db.cvwcciwygbnh.ap-south-1.rds.amazonaws.com:3306",
      "type": "string"
    },
    "target_group_arn": {
      "value": "arn:aws:elasticloadbalancing:ap-south-1:106295460257:targetgroup/three-tier-tg/b978cde00b3ac36e",
      "type": "string"
    }
  },
  "resources": [
    {
      "module": "module.alb",
      "mode": "managed",
      "type": "aws_lb",
      "name": "alb",
      "provider": "provider[\"registry.terraform.io/hashicorp/aws\"]",
      "instances": [
        {
          "schema_version": 0,
          "attributes": {
            "access_logs": [
              {
                "bucket": "",
                "enabled": false,
                "prefix": ""
              }
            ],
            "arn": "arn:aws:elasticloadbalancing:ap-south-1:106295460257:loadbalancer/app/three-tier-alb/29ca3b98fbf78f97",
            "arn_suffix": "app/three-tier-alb/29ca3b98fbf78f97",
            "client_keep_alive": 3600,
            "connection_logs": [
              {
                "bucket": "",
                "enabled": false,
                "prefix": ""
              }
            ],
            "customer_owned_ipv4_pool": "",
            "desync_mitigation_mode": "defensive",
            "dns_name": "three-tier-alb-992599856.ap-south-1.elb.amazonaws.com",
            "dns_record_client_routing_policy": null,
            "drop_invalid_header_fields": false,
            "enable_cross_zone_load_balancing": true,
            "enable_deletion_protection": false,
            "enable_http2": true,
            "enable_prefix_for_ipv6_source_nat": "off",
            "enable_tls_version_and_cipher_suite_headers": false,
            "enable_waf_fail_open": false,
            "enable_xff_client_port": false,
            "enable_zonal_shift": false,
            "enforce_security_group_inbound_rules_on_private_link_traffic": "",
            "health_check_logs": [
              {
                "bucket": "",
                "enabled": false,
                "prefix": ""
              }
            ],
            "id": "arn:aws:elasticloadbalancing:ap-south-1:106295460257:loadbalancer/app/three-tier-alb/29ca3b98fbf78f97",
            "idle_timeout": 60,
            "internal": false,
            "ip_address_type": "ipv4",
            "ipam_pools": [],
            "load_balancer_type": "application",
            "minimum_load_balancer_capacity": [],
            "name": "three-tier-alb",
            "name_prefix": "",
            "preserve_host_header": false,
            "region": "ap-south-1",
            "secondary_ips_auto_assigned_per_subnet": null,
            "security_groups": [
              "sg-0ce35e2f2c0f977d8"
            ],
            "subnet_mapping": [
              {
                "allocation_id": "",
                "ipv6_address": "",
                "outpost_id": "",
                "private_ipv4_address": "",
                "subnet_id": "subnet-036d0277e1bf52dc9"
              },
              {
                "allocation_id": "",
                "ipv6_address": "",
                "outpost_id": "",
                "private_ipv4_address": "",
                "subnet_id": "subnet-0bb8871fefa45020c"
              }
            ],
            "subnets": [
              "subnet-036d0277e1bf52dc9",
              "subnet-0bb8871fefa45020c"
            ],
            "tags": {
              "Name": "three-tier-alb"
            },
            "tags_all": {
              "Name": "three-tier-alb"
            },
            "timeouts": null,
            "vpc_id": "vpc-0b01f94f0c1b68688",
            "xff_header_processing_mode": "append",
            "zone_id": "ZP97RAFLXTNZK"
          },
          "sensitive_attributes": [],
          "identity_schema_version": 0,
          "identity": {
            "arn": "arn:aws:elasticloadbalancing:ap-south-1:106295460257:loadbalancer/app/three-tier-alb/29ca3b98fbf78f97"
          },
          "private": "eyJlMmJmYjczMC1lY2FhLTExZTYtOGY4OC0zNDM2M2JjN2M0YzAiOnsiY3JlYXRlIjo2MDAwMDAwMDAwMDAsImRlbGV0ZSI6NjAwMDAwMDAwMDAwLCJ1cGRhdGUiOjYwMDAwMDAwMDAwMH19",
          "dependencies": [
            "module.security_group.aws_security_group.SG",
            "module.vpc.aws_subnet.public",
            "module.vpc.aws_vpc.main"
          ]
        }
      ]
    },
    {
      "module": "module.alb",
      "mode": "managed",
      "type": "aws_lb_listener",
      "name": "http",
      "provider": "provider[\"registry.terraform.io/hashicorp/aws\"]",
      "instances": [
        {
          "schema_version": 0,
          "attributes": {
            "alpn_policy": null,
            "arn": "arn:aws:elasticloadbalancing:ap-south-1:106295460257:listener/app/three-tier-alb/29ca3b98fbf78f97/bf1149da98493ba0",
            "certificate_arn": null,
            "default_action": [
              {
                "authenticate_cognito": [],
                "authenticate_oidc": [],
                "fixed_response": [],
                "forward": [],
                "jwt_validation": [],
                "order": 1,
                "redirect": [],
                "target_group_arn": "arn:aws:elasticloadbalancing:ap-south-1:106295460257:targetgroup/three-tier-tg/b978cde00b3ac36e",
                "type": "forward"
              }
            ],
            "id": "arn:aws:elasticloadbalancing:ap-south-1:106295460257:listener/app/three-tier-alb/29ca3b98fbf78f97/bf1149da98493ba0",
            "load_balancer_arn": "arn:aws:elasticloadbalancing:ap-south-1:106295460257:loadbalancer/app/three-tier-alb/29ca3b98fbf78f97",
            "mutual_authentication": [],
            "port": 80,
            "protocol": "HTTP",
            "region": "ap-south-1",
            "routing_http_request_x_amzn_mtls_clientcert_header_name": null,
            "routing_http_request_x_amzn_mtls_clientcert_issuer_header_name": null,
            "routing_http_request_x_amzn_mtls_clientcert_leaf_header_name": null,
            "routing_http_request_x_amzn_mtls_clientcert_serial_number_header_name": null,
            "routing_http_request_x_amzn_mtls_clientcert_subject_header_name": null,
            "routing_http_request_x_amzn_mtls_clientcert_validity_header_name": null,
            "routing_http_request_x_amzn_tls_cipher_suite_header_name": null,
            "routing_http_request_x_amzn_tls_version_header_name": null,
            "routing_http_response_access_control_allow_credentials_header_value": "",
            "routing_http_response_access_control_allow_headers_header_value": "",
            "routing_http_response_access_control_allow_methods_header_value": "",
            "routing_http_response_access_control_allow_origin_header_value": "",
            "routing_http_response_access_control_expose_headers_header_value": "",
            "routing_http_response_access_control_max_age_header_value": "",
            "routing_http_response_content_security_policy_header_value": "",
            "routing_http_response_server_enabled": true,
            "routing_http_response_strict_transport_security_header_value": "",
            "routing_http_response_x_content_type_options_header_value": "",
            "routing_http_response_x_frame_options_header_value": "",
            "ssl_policy": "",
            "tags": null,
            "tags_all": {},
            "tcp_idle_timeout_seconds": null,
            "timeouts": null
          },
          "sensitive_attributes": [],
          "identity_schema_version": 0,
          "identity": {
            "arn": "arn:aws:elasticloadbalancing:ap-south-1:106295460257:listener/app/three-tier-alb/29ca3b98fbf78f97/bf1149da98493ba0"
          },
          "private": "eyJlMmJmYjczMC1lY2FhLTExZTYtOGY4OC0zNDM2M2JjN2M0YzAiOnsiY3JlYXRlIjozMDAwMDAwMDAwMDAsInVwZGF0ZSI6MzAwMDAwMDAwMDAwfX0=",
          "dependencies": [
            "module.alb.aws_lb.alb",
            "module.alb.aws_lb_target_group.tg",
            "module.security_group.aws_security_group.SG",
            "module.vpc.aws_subnet.public",
            "module.vpc.aws_vpc.main"
          ]
        }
      ]
    },
    {
      "module": "module.alb",
      "mode": "managed",
      "type": "aws_lb_target_group",
      "name": "tg",
      "provider": "provider[\"registry.terraform.io/hashicorp/aws\"]",
      "instances": [
        {
          "schema_version": 0,
          "attributes": {
            "arn": "arn:aws:elasticloadbalancing:ap-south-1:106295460257:targetgroup/three-tier-tg/b978cde00b3ac36e",
            "arn_suffix": "targetgroup/three-tier-tg/b978cde00b3ac36e",
            "connection_termination": null,
            "deregistration_delay": "300",
            "health_check": [
              {
                "enabled": true,
                "healthy_threshold": 3,
                "interval": 30,
                "matcher": "200",
                "path": "/",
                "port": "traffic-port",
                "protocol": "HTTP",
                "timeout": 5,
                "unhealthy_threshold": 3
              }
            ],
            "id": "arn:aws:elasticloadbalancing:ap-south-1:106295460257:targetgroup/three-tier-tg/b978cde00b3ac36e",
            "ip_address_type": "ipv4",
            "lambda_multi_value_headers_enabled": false,
            "load_balancer_arns": [],
            "load_balancing_algorithm_type": "round_robin",
            "load_balancing_anomaly_mitigation": "off",
            "load_balancing_cross_zone_enabled": "use_load_balancer_configuration",
            "name": "three-tier-tg",
            "name_prefix": "",
            "port": 80,
            "preserve_client_ip": null,
            "protocol": "HTTP",
            "protocol_version": "HTTP1",
            "proxy_protocol_v2": false,
            "region": "ap-south-1",
            "slow_start": 0,
            "stickiness": [
              {
                "cookie_duration": 86400,
                "cookie_name": "",
                "enabled": false,
                "type": "lb_cookie"
              }
            ],
            "tags": {
              "Name": "three-tier-tg"
            },
            "tags_all": {
              "Name": "three-tier-tg"
            },
            "target_control_port": 0,
            "target_failover": [
              {
                "on_deregistration": null,
                "on_unhealthy": null
              }
            ],
            "target_group_health": [
              {
                "dns_failover": [
                  {
                    "minimum_healthy_targets_count": "1",
                    "minimum_healthy_targets_percentage": "off"
                  }
                ],
                "unhealthy_state_routing": [
                  {
                    "minimum_healthy_targets_count": 1,
                    "minimum_healthy_targets_percentage": "off"
                  }
                ]
              }
            ],
            "target_health_state": [
              {
                "enable_unhealthy_connection_termination": null,
                "unhealthy_draining_interval": null
              }
            ],
            "target_type": "instance",
            "vpc_id": "vpc-0b01f94f0c1b68688"
          },
          "sensitive_attributes": [],
          "identity_schema_version": 0,
          "identity": {
            "arn": "arn:aws:elasticloadbalancing:ap-south-1:106295460257:targetgroup/three-tier-tg/b978cde00b3ac36e"
          },
          "private": "bnVsbA==",
          "dependencies": [
            "module.vpc.aws_vpc.main"
          ]
        }
      ]
    },
    {
      "module": "module.ec2",
      "mode": "managed",
      "type": "aws_instance",
      "name": "app_server",
      "provider": "provider[\"registry.terraform.io/hashicorp/aws\"]",
      "instances": [
        {
          "schema_version": 2,
          "attributes": {
            "ami": "ami-01a00762f46d584a1",
            "arn": "arn:aws:ec2:ap-south-1:106295460257:instance/i-0dae5d45589283014",
            "associate_public_ip_address": false,
            "availability_zone": "ap-south-1a",
            "capacity_reservation_specification": [
              {
                "capacity_reservation_preference": "open",
                "capacity_reservation_target": []
              }
            ],
            "cpu_options": [
              {
                "amd_sev_snp": "",
                "core_count": 1,
                "nested_virtualization": "",
                "threads_per_core": 2
              }
            ],
            "credit_specification": [
              {
                "cpu_credits": "unlimited"
              }
            ],
            "disable_api_stop": false,
            "disable_api_termination": false,
            "ebs_block_device": [],
            "ebs_optimized": false,
            "enable_primary_ipv6": null,
            "enclave_options": [
              {
                "enabled": false
              }
            ],
            "ephemeral_block_device": [],
            "force_destroy": false,
            "get_password_data": false,
            "hibernation": false,
            "host_id": "",
            "host_resource_group_arn": null,
            "iam_instance_profile": "",
            "id": "i-0dae5d45589283014",
            "instance_initiated_shutdown_behavior": "stop",
            "instance_lifecycle": "",
            "instance_market_options": [],
            "instance_state": "running",
            "instance_type": "t3.micro",
            "ipv6_address_count": 0,
            "ipv6_addresses": [],
            "key_name": "project-key",
            "launch_template": [],
            "maintenance_options": [
              {
                "auto_recovery": "default"
              }
            ],
            "metadata_options": [
              {
                "http_endpoint": "enabled",
                "http_protocol_ipv6": "disabled",
                "http_put_response_hop_limit": 2,
                "http_tokens": "required",
                "instance_metadata_tags": "disabled"
              }
            ],
            "monitoring": false,
            "network_interface": [],
            "outpost_arn": "",
            "password_data": "",
            "placement_group": "",
            "placement_group_id": "",
            "placement_partition_number": 0,
            "primary_network_interface": [
              {
                "delete_on_termination": true,
                "network_interface_id": "eni-0812e95014b637c1c"
              }
            ],
            "primary_network_interface_id": "eni-0812e95014b637c1c",
            "private_dns": "ip-10-0-3-30.ap-south-1.compute.internal",
            "private_dns_name_options": [
              {
                "enable_resource_name_dns_a_record": false,
                "enable_resource_name_dns_aaaa_record": false,
                "hostname_type": "ip-name"
              }
            ],
            "private_ip": "10.0.3.30",
            "public_dns": "",
            "public_ip": "",
            "region": "ap-south-1",
            "root_block_device": [
              {
                "delete_on_termination": true,
                "device_name": "/dev/sda1",
                "encrypted": false,
                "iops": 3000,
                "kms_key_id": "",
                "tags": {},
                "tags_all": {},
                "throughput": 125,
                "volume_id": "vol-04a597172175f88ff",
                "volume_size": 8,
                "volume_type": "gp3"
              }
            ],
            "secondary_network_interface": [],
            "secondary_private_ips": [],
            "security_groups": [],
            "source_dest_check": true,
            "spot_instance_request_id": "",
            "subnet_id": "subnet-0336976f1db462bbb",
            "tags": {
              "Name": "application_Host"
            },
            "tags_all": {
              "Name": "application_Host"
            },
            "tenancy": "default",
            "timeouts": null,
            "user_data": "#!/bin/bash\n\napt update -y\n\napt install -y docker.io git curl\n\nsystemctl enable docker\nsystemctl start docker\n\nusermod -aG docker ubuntu\n\ncurl -SL https://github.com/docker/compose/releases/latest/download/docker-compose-linux-x86_64 \\\n-o /usr/local/bin/docker-compose\n\nchmod +x /usr/local/bin/docker-compose\n",
            "user_data_base64": null,
            "user_data_replace_on_change": false,
            "volume_tags": null,
            "vpc_security_group_ids": [
              "sg-08acdbafda667ce47"
            ]
          },
          "sensitive_attributes": [],
          "identity_schema_version": 0,
          "identity": {
            "account_id": "106295460257",
            "id": "i-0dae5d45589283014",
            "region": "ap-south-1"
          },
          "private": "eyJlMmJmYjczMC1lY2FhLTExZTYtOGY4OC0zNDM2M2JjN2M0YzAiOnsiY3JlYXRlIjo2MDAwMDAwMDAwMDAsImRlbGV0ZSI6MTIwMDAwMDAwMDAwMCwicmVhZCI6OTAwMDAwMDAwMDAwLCJ1cGRhdGUiOjYwMDAwMDAwMDAwMH0sInNjaGVtYV92ZXJzaW9uIjoiMiJ9",
          "dependencies": [
            "module.key_pair.aws_key_pair.key",
            "module.key_pair.tls_private_key.ssh_key",
            "module.security_group.aws_security_group.SG",
            "module.vpc.aws_subnet.private_app",
            "module.vpc.aws_vpc.main"
          ]
        }
      ]
    },
    {
      "module": "module.ec2",
      "mode": "managed",
      "type": "aws_lb_target_group_attachment",
      "name": "app",
      "provider": "provider[\"registry.terraform.io/hashicorp/aws\"]",
      "instances": [
        {
          "index_key": 0,
          "schema_version": 0,
          "attributes": {
            "availability_zone": null,
            "id": "arn:aws:elasticloadbalancing:ap-south-1:106295460257:targetgroup/three-tier-tg/b978cde00b3ac36e,i-0dae5d45589283014,80",
            "port": 80,
            "quic_server_id": null,
            "region": "ap-south-1",
            "target_group_arn": "arn:aws:elasticloadbalancing:ap-south-1:106295460257:targetgroup/three-tier-tg/b978cde00b3ac36e",
            "target_id": "i-0dae5d45589283014"
          },
          "sensitive_attributes": [],
          "identity_schema_version": 0,
          "identity": {
            "account_id": "106295460257",
            "availability_zone": null,
            "port": 80,
            "quic_server_id": null,
            "region": "ap-south-1",
            "target_group_arn": "arn:aws:elasticloadbalancing:ap-south-1:106295460257:targetgroup/three-tier-tg/b978cde00b3ac36e",
            "target_id": "i-0dae5d45589283014"
          },
          "private": "bnVsbA==",
          "dependencies": [
            "module.alb.aws_lb_target_group.tg",
            "module.ec2.aws_instance.app_server",
            "module.key_pair.aws_key_pair.key",
            "module.key_pair.tls_private_key.ssh_key",
            "module.security_group.aws_security_group.SG",
            "module.vpc.aws_subnet.private_app",
            "module.vpc.aws_vpc.main"
          ]
        }
      ]
    },
    {
      "module": "module.key_pair",
      "mode": "managed",
      "type": "aws_key_pair",
      "name": "key",
      "provider": "provider[\"registry.terraform.io/hashicorp/aws\"]",
      "instances": [
        {
          "schema_version": 1,
          "attributes": {
            "arn": "arn:aws:ec2:ap-south-1:106295460257:key-pair/project-key",
            "fingerprint": "3d:f1:95:98:5f:fc:8f:bb:a4:79:0e:01:a3:a0:01:5b",
            "id": "project-key",
            "key_name": "project-key",
            "key_name_prefix": "",
            "key_pair_id": "key-0ab05d104e1039b64",
            "key_type": "rsa",
            "public_key": "ssh-rsa AAAAB3NzaC1yc2EAAAADAQABAAACAQC8x0v/t9PIqGIY4CuHVLLZ9LrieZWIbZCxiHNeMktJZsPRw8lwysV5lwPG/HYVDHxKJ5YEPV4oBA1XwxS9npNtkJr0DHCnPilVMGXEIwHrSAtAmPm3IDv4cKv1R9JoW/6T5zVdNphwdLhONA6UCk1WVgRr/QRxxeZn/kA1CLogV3ok6PzxN50JQ8drZ0GxFHm3bk9ac8KB9elmLyeJIMcyUwBWuCc9zNl3kT9KwIPwtWXbwAKrhehXp6yUETHNVNAUUDlAe+vlqdUAcJw1cD26G08e2K+jk9XkXQBHLI/0XycSQe8HRQshZJB0y/wxiZpSVaHJEycEmdYcr8mkrzSlO7YtjE/gCLfE4ulfHUs0PB/JE7Ld0///lt7Twt0Zpi1FIFDnrXNXpUrRA7W5dwPjlQhtFM7oD+tfyGX8lFjGsxiJOKA7fu3xWLjoxGA9qs12Hsl2GE7HfrqIdBjjlGQdAy5Ddpyz/Cau2bc3k06EjnUU3umbT5BTvwUWd6ccxMK/EBhCuWITZWgQ/enhBoC8nKU/fC7CkFu0ZHyPEJnrBmDr0xCgIeFEmfbHZdo7tMEQIMxhAhQGpSHUxmld7bUqlcQy5XQGzSwq3Wq8tuKbmegnAbnBESQrFwuxdEA6cR4QYujzNbM4nmOBAqtDfQLsEDx3gBE0rknMIVFNV7Xx9Q==",
            "region": "ap-south-1",
            "tags": null,
            "tags_all": {}
          },
          "sensitive_attributes": [],
          "identity_schema_version": 0,
          "private": "eyJzY2hlbWFfdmVyc2lvbiI6IjEifQ==",
          "dependencies": [
            "module.key_pair.tls_private_key.ssh_key"
          ]
        }
      ]
    },
    {
      "module": "module.key_pair",
      "mode": "managed",
      "type": "local_file",
      "name": "private_key",
      "provider": "provider[\"registry.terraform.io/hashicorp/local\"]",
      "instances": [
        {
          "schema_version": 0,
          "attributes": {
            "content": "-----BEGIN RSA PRIVATE KEY-----\nMIIJKQIBAAKCAgEAvMdL/7fTyKhiGOArh1Sy2fS64nmViG2QsYhzXjJLSWbD0cPJ\ncMrFeZcDxvx2FQx8SieWBD1eKAQNV8MUvZ6TbZCa9Axwpz4pVTBlxCMB60gLQJj5\ntyA7+HCr9UfSaFv+k+c1XTaYcHS4TjQOlApNVlYEa/0EccXmZ/5ANQi6IFd6JOj8\n8TedCUPHa2dBsRR5t25PWnPCgfXpZi8niSDHMlMAVrgnPczZd5E/SsCD8LVl28AC\nq4XoV6eslBExzVTQFFA5QHvr5anVAHCcNXA9uhtPHtivo5PV5F0ARyyP9F8nEkHv\nB0ULIWSQdMv8MYmaUlWhyRMnBJnWHK/JpK80pTu2LYxP4Ai3xOLpXx1LNDwfyROy\n3dP//5be08LdGaYtRSBQ561zV6VK0QO1uXcD45UIbRTO6A/rX8hl/JRYxrMYiTig\nO37t8Vi46MRgParNdh7JdhhOx366iHQY45RkHQMuQ3acs/wmrtm3N5NOhI51FN7p\nm0+QU78FFnenHMTCvxAYQrliE2VoEP3p4QaAvJylP3wuwpBbtGR8jxCZ6wZg69MQ\noCHhRJn2x2XaO7TBECDMYQIUBqUh1MZpXe21KpXEMuV0Bs0sKt1qvLbim5noJwG5\nwREkKxcLsXRAOnEeEGLo8zWzOJ5jgQKrQ30C7BA8d4ARNK5JzCFRTVe18fUCAwEA\nAQKCAgAElw30gko+e0WjWDQGvtr4bLhskEs//XYCsxAnDq8A8mQ5gfqwaOXDTpYz\nbOkMGvkcrni50qoq6+pNI3uqHqR0CguSeoj0sBC+NwaKbdV6nI5VfEK6HqkGoeq0\ndJIbonz+qKUGBrFPLq9ai259UADQZBgIbicBAzBWf/qcr4EjDy1zn0yjKtiBJKpB\nJMoWnapV+PMp/l2Q3mNV7jiWX3socJc2BJVDrertutTgouyyWh7HaJRICmH7W6LZ\nGM/ur6y9ibPSqxCxzV7V+2b476k4kLhsRhWDMzGEs3QxxtYbOYMQMRU4Rof+QF04\n0crog3GCpf1gj7wnovvvR6DuBaqQfT+cnvfHD9Sy7VAuGnLI133+G32MY++xSYw4\nK75ZqcGEL/JS1GBjNNOu2Oya1q8+RjpENG99TVJg1Tu2j2B8dgd4rCWhgKWsgbfs\nLUxVt2eAzreDetYw0fWOYFGfxnqHPsDLsuYsvSeEn7H00w64phMEoBU7l1gxvhoC\nYpEa//lfEpHQCJYvdbbGTpoAgcjAwIuhpMe9sYP5GnB2OHDi9DPoc/50B1fAmRqC\np6i0QhG3SXk2860jzHq4vazFLmdLOcfqDehIG6YAh10A77AwEkwenaLhBIdDtumQ\nBDfSbaX8weLAtupq55j510AvT8LLiRhEpmvljWm5P7B7lzR0MQKCAQEA5Q4OiEgs\nDq3+dlZO3KohvlaYpuil+IH23ErrGknhecaGaLo450EX3zePo68Fcv3UYXTZoAYJ\n6WbT1LJqDwrUmmZpm/8rAyLKD15MPjvN7SdMwBdKTLaTrexUgdfXwUVdt5U92oVC\nyZgX+CocTQ4Yia/enG5Z0qHNsLhf3y32+oyX5NI7HjlePkFtmjTOLzod+CCcmXtV\nC8x2H5+x+jCczIRLWG5pc00y96celSf4sA/uPfr8UHp8N09Ixss9DK0icXgKjPX0\nXnzUig5NB0XF+QLuZjqtc3Ca+c03jYCnlsOb0OvHOKIbnrrekRQVuu+gI39eLXGp\nyDXcfKmucCPOnQKCAQEA0vxS+Vzsq2/opCSg0bdvyT0qFPfc2aGpvpfPSAT5+9r8\nfnmPajARJmd9XJRv2j2m3Ly2xG/oivoenCNrd7jORLm42v51uvtnpS2lPn1Gaied\nFbVFrzZCaTRS+OvOCYhXJa1aKXx4dE2PiYArvTUkpDD6Ue1KjW7fAogTmeuupzW+\nbtiwY0wLMtdFv7YuRDynRRvw0PehC81lkAmo+KxlGsw3G00k9mzhD0vsQxqJ5w5A\n8R2ikAI1vvLiC2yChyZ0aN+px7DBZPKfSJeWsZnSGLYp8mkK4BYBBk54+QIkAeMv\nlyDSE4l4kXheSmMeBdqJ38HhEFiy7oxRvFBXYk1lOQKCAQB9MGia7a8+urQoI1Xo\n3wegSx4Vo3QK1aWBk2TZsmWMtAeEN7ugEQCmHGziTmdRCRBJz56eCo7iRTQjvPug\niw/V74FrJFRy21HKgoRzQyZyppcZKeGO+f7PASrS6JBgbrQhAW2UAF+XZQw8s29S\nYhDhOAEYSGvJZmvQWYT0qt+g4rSl+I0dIMe0iPgJXzENuNrmYZSVgkXiM/afpB2X\nG3ingurXQ0lZHmlr16gsZ3NRbvOMZp/+sGMxq6CgHjaYtgvsLmq9zjOobNuRNO2+\nutDQH10C/LEONg5N1260ZQuzp+eCkUsKVfd4krPQYUTbLdq9bACiH8xmw6FldSwE\n2F01AoIBAQCosKPqyphTzgsUylBmvSK8pJGz6CWFQBOG1rwdWhVBgGpm+Oxou3vK\n1+3MisYPmUGDtcLvtoYYMDkvH8a6F2GcY13ggplA4eeRkrhPCTy2fWvEQoYvu9NH\naFV6vpai2obLEhpHl0R7wNOl3XubMRVVze8md/ImuOHHlWMOqvieqoLS/5+wFMnT\nYXlb+d5uIoye3eMiQQtbc2Lj0kVuZfAEiAj7ZCfMe2tKnqqNUHe37JaR8d7bA1lT\njcCb36tRQbbLbyDBD5rhCne+Q61x3Im1xlgtgDz4w78X+sAQX9zIQYv4an5srnpe\n3P2Ovkbv6TZZWBuJxVFzF2/2f8oOR9FJAoIBAQDT9fDf7djxbEE7HC7PHYEvP6Zg\neo58DOXbjf3GVX37YEjf5ki3UOKlgnnEaGDLDep+GFcDZIWOPmI48DBqUWRio+rd\nsyTPIJdjJnwKtgaZyPio5o1GlPV3iMMTrFaiqnQBNSQGr6twGqw8bacC0cSmSdu5\nAN2MJ78MReQLfZ2Rwcus4+y7BWlfbJpprOhTZjP9lPzCC/jD8fpd1hnkQ+Ctl4YU\nvIcuKqR0asZXdeVu64EcZVV9ZzsiZsedscwEnjzvzva3Gp2DjJP//xctYCMBUCVf\n3pmNdMvm+gDxo8agnc1VNigTCvMnJd0FoybxWjfxF35Rcg+9WfSpdtCZIP6s\n-----END RSA PRIVATE KEY-----\n",
            "content_base64": null,
            "content_base64sha256": "dE0kMWdqtq7FkPtqEh28qdH0Dc60j9AMXnPrDXB/CIE=",
            "content_base64sha512": "iR+ShL9lNrm9iNPNIuomQlIbh23mikEfIdSZRbxego+7dIEOczTLm/zQ4lCreMtBURuiqBcROpMJHQjSsuj2Lw==",
            "content_md5": "1af223b630043b72910f716047476618",
            "content_sha1": "40c23d61cc138f4313b49e0461b15fc71964c962",
            "content_sha256": "744d2431676ab6aec590fb6a121dbca9d1f40dceb48fd00c5e73eb0d707f0881",
            "content_sha512": "891f9284bf6536b9bd88d3cd22ea2642521b876de68a411f21d49945bc5e828fbb74810e7334cb9bfcd0e250ab78cb41511ba2a817113a93091d08d2b2e8f62f",
            "directory_permission": "0777",
            "file_permission": "0400",
            "filename": "/mnt/c/Users/PAYAL KHARAT/Downloads/project-key.pem",
            "id": "40c23d61cc138f4313b49e0461b15fc71964c962",
            "sensitive_content": null,
            "source": null
          },
          "sensitive_attributes": [
            [
              {
                "type": "get_attr",
                "value": "content"
              }
            ],
            [
              {
                "type": "get_attr",
                "value": "sensitive_content"
              }
            ]
          ],
          "identity_schema_version": 0,
          "dependencies": [
            "module.key_pair.tls_private_key.ssh_key"
          ]
        }
      ]
    },
    {
      "module": "module.key_pair",
      "mode": "managed",
      "type": "tls_private_key",
      "name": "ssh_key",
      "provider": "provider[\"registry.terraform.io/hashicorp/tls\"]",
      "instances": [
        {
          "schema_version": 1,
          "attributes": {
            "algorithm": "RSA",
            "ecdsa_curve": "P224",
            "id": "4df234a6db97b7d1e321135751b358a8ffcd402c",
            "private_key_openssh": "-----BEGIN OPENSSH PRIVATE KEY-----\nb3BlbnNzaC1rZXktdjEAAAAABG5vbmUAAAAEbm9uZQAAAAAAAAABAAACFwAAAAdz\nc2gtcnNhAAAAAwEAAQAAAgEAvMdL/7fTyKhiGOArh1Sy2fS64nmViG2QsYhzXjJL\nSWbD0cPJcMrFeZcDxvx2FQx8SieWBD1eKAQNV8MUvZ6TbZCa9Axwpz4pVTBlxCMB\n60gLQJj5tyA7+HCr9UfSaFv+k+c1XTaYcHS4TjQOlApNVlYEa/0EccXmZ/5ANQi6\nIFd6JOj88TedCUPHa2dBsRR5t25PWnPCgfXpZi8niSDHMlMAVrgnPczZd5E/SsCD\n8LVl28ACq4XoV6eslBExzVTQFFA5QHvr5anVAHCcNXA9uhtPHtivo5PV5F0ARyyP\n9F8nEkHvB0ULIWSQdMv8MYmaUlWhyRMnBJnWHK/JpK80pTu2LYxP4Ai3xOLpXx1L\nNDwfyROy3dP//5be08LdGaYtRSBQ561zV6VK0QO1uXcD45UIbRTO6A/rX8hl/JRY\nxrMYiTigO37t8Vi46MRgParNdh7JdhhOx366iHQY45RkHQMuQ3acs/wmrtm3N5NO\nhI51FN7pm0+QU78FFnenHMTCvxAYQrliE2VoEP3p4QaAvJylP3wuwpBbtGR8jxCZ\n6wZg69MQoCHhRJn2x2XaO7TBECDMYQIUBqUh1MZpXe21KpXEMuV0Bs0sKt1qvLbi\nm5noJwG5wREkKxcLsXRAOnEeEGLo8zWzOJ5jgQKrQ30C7BA8d4ARNK5JzCFRTVe1\n8fUAAAc4FMsU8RTLFPEAAAAHc3NoLXJzYQAAAgEAvMdL/7fTyKhiGOArh1Sy2fS6\n4nmViG2QsYhzXjJLSWbD0cPJcMrFeZcDxvx2FQx8SieWBD1eKAQNV8MUvZ6TbZCa\n9Axwpz4pVTBlxCMB60gLQJj5tyA7+HCr9UfSaFv+k+c1XTaYcHS4TjQOlApNVlYE\na/0EccXmZ/5ANQi6IFd6JOj88TedCUPHa2dBsRR5t25PWnPCgfXpZi8niSDHMlMA\nVrgnPczZd5E/SsCD8LVl28ACq4XoV6eslBExzVTQFFA5QHvr5anVAHCcNXA9uhtP\nHtivo5PV5F0ARyyP9F8nEkHvB0ULIWSQdMv8MYmaUlWhyRMnBJnWHK/JpK80pTu2\nLYxP4Ai3xOLpXx1LNDwfyROy3dP//5be08LdGaYtRSBQ561zV6VK0QO1uXcD45UI\nbRTO6A/rX8hl/JRYxrMYiTigO37t8Vi46MRgParNdh7JdhhOx366iHQY45RkHQMu\nQ3acs/wmrtm3N5NOhI51FN7pm0+QU78FFnenHMTCvxAYQrliE2VoEP3p4QaAvJyl\nP3wuwpBbtGR8jxCZ6wZg69MQoCHhRJn2x2XaO7TBECDMYQIUBqUh1MZpXe21KpXE\nMuV0Bs0sKt1qvLbim5noJwG5wREkKxcLsXRAOnEeEGLo8zWzOJ5jgQKrQ30C7BA8\nd4ARNK5JzCFRTVe18fUAAAADAQABAAACAASXDfSCSj57RaNYNAa+2vhsuGyQSz/9\ndgKzECcOrwDyZDmB+rBo5cNOljNs6Qwa+RyueLnSqirr6k0je6oepHQKC5J6iPSw\nEL43Bopt1XqcjlV8QroeqQah6rR0khuifP6opQYGsU8ur1qLbn1QANBkGAhuJwED\nMFZ/+pyvgSMPLXOfTKMq2IEkqkEkyhadqlX48yn+XZDeY1XuOJZfeyhwlzYElUOt\n6u261OCi7LJaHsdolEgKYftbotkYz+6vrL2Js9KrELHNXtX7ZvjvqTiQuGxGFYMz\nMYSzdDHG1hs5gxAxFThGh/5AXTjRyuiDcYKl/WCPvCei++9HoO4FqpB9P5ye98cP\n1LLtUC4acsjXff4bfYxj77FJjDgrvlmpwYQv8lLUYGM0067Y7JrWrz5GOkQ0b31N\nUmDVO7aPYHx2B3isJaGApayBt+wtTFW3Z4DOt4N61jDR9Y5gUZ/Geoc+wMuy5iy9\nJ4SfsfTTDrimEwSgFTuXWDG+GgJikRr/+V8SkdAIli91tsZOmgCByMDAi6Gkx72x\ng/kacHY4cOL0M+hz/nQHV8CZGoKnqLRCEbdJeTbzrSPMeri9rMUuZ0s5x+oN6Egb\npgCHXQDvsDASTB6douEEh0O26ZAEN9JtpfzB4sC26mrnmPnXQC9PwsuJGESma+WN\nabk/sHuXNHQxAAABAQDT9fDf7djxbEE7HC7PHYEvP6Zgeo58DOXbjf3GVX37YEjf\n5ki3UOKlgnnEaGDLDep+GFcDZIWOPmI48DBqUWRio+rdsyTPIJdjJnwKtgaZyPio\n5o1GlPV3iMMTrFaiqnQBNSQGr6twGqw8bacC0cSmSdu5AN2MJ78MReQLfZ2Rwcus\n4+y7BWlfbJpprOhTZjP9lPzCC/jD8fpd1hnkQ+Ctl4YUvIcuKqR0asZXdeVu64Ec\nZVV9ZzsiZsedscwEnjzvzva3Gp2DjJP//xctYCMBUCVf3pmNdMvm+gDxo8agnc1V\nNigTCvMnJd0FoybxWjfxF35Rcg+9WfSpdtCZIP6sAAABAQDlDg6ISCwOrf52Vk7c\nqiG+Vpim6KX4gfbcSusaSeF5xoZoujjnQRffN4+jrwVy/dRhdNmgBgnpZtPUsmoP\nCtSaZmmb/ysDIsoPXkw+O83tJ0zAF0pMtpOt7FSB19fBRV23lT3ahULJmBf4KhxN\nDhiJr96cblnSoc2wuF/fLfb6jJfk0jseOV4+QW2aNM4vOh34IJyZe1ULzHYfn7H6\nMJzMhEtYbmlzTTL3px6VJ/iwD+49+vxQenw3T0jGyz0MrSJxeAqM9fRefNSKDk0H\nRcX5Au5mOq1zcJr5zTeNgKeWw5vQ68c4ohueut6RFBW676Ajf14tcanINdx8qa5w\nI86dAAABAQDS/FL5XOyrb+ikJKDRt2/JPSoU99zZoam+l89IBPn72vx+eY9qMBEm\nZ31clG/aPabcvLbEb+iK+h6cI2t3uM5Eubja/nW6+2elLaU+fUZqJ50VtUWvNkJp\nNFL4684JiFclrVopfHh0TY+JgCu9NSSkMPpR7UqNbt8CiBOZ666nNb5u2LBjTAsy\n10W/ti5EPKdFG/DQ96ELzWWQCaj4rGUazDcbTST2bOEPS+xDGonnDkDxHaKQAjW+\n8uILbIKHJnRo36nHsMFk8p9Il5axmdIYtinyaQrgFgEGTnj5AiQB4y+XINITiXiR\neF5KYx4F2onfweEQWLLujFG8UFdiTWU5AAAAAAEC\n-----END OPENSSH PRIVATE KEY-----\n",
            "private_key_pem": "-----BEGIN RSA PRIVATE KEY-----\nMIIJKQIBAAKCAgEAvMdL/7fTyKhiGOArh1Sy2fS64nmViG2QsYhzXjJLSWbD0cPJ\ncMrFeZcDxvx2FQx8SieWBD1eKAQNV8MUvZ6TbZCa9Axwpz4pVTBlxCMB60gLQJj5\ntyA7+HCr9UfSaFv+k+c1XTaYcHS4TjQOlApNVlYEa/0EccXmZ/5ANQi6IFd6JOj8\n8TedCUPHa2dBsRR5t25PWnPCgfXpZi8niSDHMlMAVrgnPczZd5E/SsCD8LVl28AC\nq4XoV6eslBExzVTQFFA5QHvr5anVAHCcNXA9uhtPHtivo5PV5F0ARyyP9F8nEkHv\nB0ULIWSQdMv8MYmaUlWhyRMnBJnWHK/JpK80pTu2LYxP4Ai3xOLpXx1LNDwfyROy\n3dP//5be08LdGaYtRSBQ561zV6VK0QO1uXcD45UIbRTO6A/rX8hl/JRYxrMYiTig\nO37t8Vi46MRgParNdh7JdhhOx366iHQY45RkHQMuQ3acs/wmrtm3N5NOhI51FN7p\nm0+QU78FFnenHMTCvxAYQrliE2VoEP3p4QaAvJylP3wuwpBbtGR8jxCZ6wZg69MQ\noCHhRJn2x2XaO7TBECDMYQIUBqUh1MZpXe21KpXEMuV0Bs0sKt1qvLbim5noJwG5\nwREkKxcLsXRAOnEeEGLo8zWzOJ5jgQKrQ30C7BA8d4ARNK5JzCFRTVe18fUCAwEA\nAQKCAgAElw30gko+e0WjWDQGvtr4bLhskEs//XYCsxAnDq8A8mQ5gfqwaOXDTpYz\nbOkMGvkcrni50qoq6+pNI3uqHqR0CguSeoj0sBC+NwaKbdV6nI5VfEK6HqkGoeq0\ndJIbonz+qKUGBrFPLq9ai259UADQZBgIbicBAzBWf/qcr4EjDy1zn0yjKtiBJKpB\nJMoWnapV+PMp/l2Q3mNV7jiWX3socJc2BJVDrertutTgouyyWh7HaJRICmH7W6LZ\nGM/ur6y9ibPSqxCxzV7V+2b476k4kLhsRhWDMzGEs3QxxtYbOYMQMRU4Rof+QF04\n0crog3GCpf1gj7wnovvvR6DuBaqQfT+cnvfHD9Sy7VAuGnLI133+G32MY++xSYw4\nK75ZqcGEL/JS1GBjNNOu2Oya1q8+RjpENG99TVJg1Tu2j2B8dgd4rCWhgKWsgbfs\nLUxVt2eAzreDetYw0fWOYFGfxnqHPsDLsuYsvSeEn7H00w64phMEoBU7l1gxvhoC\nYpEa//lfEpHQCJYvdbbGTpoAgcjAwIuhpMe9sYP5GnB2OHDi9DPoc/50B1fAmRqC\np6i0QhG3SXk2860jzHq4vazFLmdLOcfqDehIG6YAh10A77AwEkwenaLhBIdDtumQ\nBDfSbaX8weLAtupq55j510AvT8LLiRhEpmvljWm5P7B7lzR0MQKCAQEA5Q4OiEgs\nDq3+dlZO3KohvlaYpuil+IH23ErrGknhecaGaLo450EX3zePo68Fcv3UYXTZoAYJ\n6WbT1LJqDwrUmmZpm/8rAyLKD15MPjvN7SdMwBdKTLaTrexUgdfXwUVdt5U92oVC\nyZgX+CocTQ4Yia/enG5Z0qHNsLhf3y32+oyX5NI7HjlePkFtmjTOLzod+CCcmXtV\nC8x2H5+x+jCczIRLWG5pc00y96celSf4sA/uPfr8UHp8N09Ixss9DK0icXgKjPX0\nXnzUig5NB0XF+QLuZjqtc3Ca+c03jYCnlsOb0OvHOKIbnrrekRQVuu+gI39eLXGp\nyDXcfKmucCPOnQKCAQEA0vxS+Vzsq2/opCSg0bdvyT0qFPfc2aGpvpfPSAT5+9r8\nfnmPajARJmd9XJRv2j2m3Ly2xG/oivoenCNrd7jORLm42v51uvtnpS2lPn1Gaied\nFbVFrzZCaTRS+OvOCYhXJa1aKXx4dE2PiYArvTUkpDD6Ue1KjW7fAogTmeuupzW+\nbtiwY0wLMtdFv7YuRDynRRvw0PehC81lkAmo+KxlGsw3G00k9mzhD0vsQxqJ5w5A\n8R2ikAI1vvLiC2yChyZ0aN+px7DBZPKfSJeWsZnSGLYp8mkK4BYBBk54+QIkAeMv\nlyDSE4l4kXheSmMeBdqJ38HhEFiy7oxRvFBXYk1lOQKCAQB9MGia7a8+urQoI1Xo\n3wegSx4Vo3QK1aWBk2TZsmWMtAeEN7ugEQCmHGziTmdRCRBJz56eCo7iRTQjvPug\niw/V74FrJFRy21HKgoRzQyZyppcZKeGO+f7PASrS6JBgbrQhAW2UAF+XZQw8s29S\nYhDhOAEYSGvJZmvQWYT0qt+g4rSl+I0dIMe0iPgJXzENuNrmYZSVgkXiM/afpB2X\nG3ingurXQ0lZHmlr16gsZ3NRbvOMZp/+sGMxq6CgHjaYtgvsLmq9zjOobNuRNO2+\nutDQH10C/LEONg5N1260ZQuzp+eCkUsKVfd4krPQYUTbLdq9bACiH8xmw6FldSwE\n2F01AoIBAQCosKPqyphTzgsUylBmvSK8pJGz6CWFQBOG1rwdWhVBgGpm+Oxou3vK\n1+3MisYPmUGDtcLvtoYYMDkvH8a6F2GcY13ggplA4eeRkrhPCTy2fWvEQoYvu9NH\naFV6vpai2obLEhpHl0R7wNOl3XubMRVVze8md/ImuOHHlWMOqvieqoLS/5+wFMnT\nYXlb+d5uIoye3eMiQQtbc2Lj0kVuZfAEiAj7ZCfMe2tKnqqNUHe37JaR8d7bA1lT\njcCb36tRQbbLbyDBD5rhCne+Q61x3Im1xlgtgDz4w78X+sAQX9zIQYv4an5srnpe\n3P2Ovkbv6TZZWBuJxVFzF2/2f8oOR9FJAoIBAQDT9fDf7djxbEE7HC7PHYEvP6Zg\neo58DOXbjf3GVX37YEjf5ki3UOKlgnnEaGDLDep+GFcDZIWOPmI48DBqUWRio+rd\nsyTPIJdjJnwKtgaZyPio5o1GlPV3iMMTrFaiqnQBNSQGr6twGqw8bacC0cSmSdu5\nAN2MJ78MReQLfZ2Rwcus4+y7BWlfbJpprOhTZjP9lPzCC/jD8fpd1hnkQ+Ctl4YU\nvIcuKqR0asZXdeVu64EcZVV9ZzsiZsedscwEnjzvzva3Gp2DjJP//xctYCMBUCVf\n3pmNdMvm+gDxo8agnc1VNigTCvMnJd0FoybxWjfxF35Rcg+9WfSpdtCZIP6s\n-----END RSA PRIVATE KEY-----\n",
            "private_key_pem_pkcs8": "-----BEGIN PRIVATE KEY-----\nMIIJQwIBADANBgkqhkiG9w0BAQEFAASCCS0wggkpAgEAAoICAQC8x0v/t9PIqGIY\n4CuHVLLZ9LrieZWIbZCxiHNeMktJZsPRw8lwysV5lwPG/HYVDHxKJ5YEPV4oBA1X\nwxS9npNtkJr0DHCnPilVMGXEIwHrSAtAmPm3IDv4cKv1R9JoW/6T5zVdNphwdLhO\nNA6UCk1WVgRr/QRxxeZn/kA1CLogV3ok6PzxN50JQ8drZ0GxFHm3bk9ac8KB9elm\nLyeJIMcyUwBWuCc9zNl3kT9KwIPwtWXbwAKrhehXp6yUETHNVNAUUDlAe+vlqdUA\ncJw1cD26G08e2K+jk9XkXQBHLI/0XycSQe8HRQshZJB0y/wxiZpSVaHJEycEmdYc\nr8mkrzSlO7YtjE/gCLfE4ulfHUs0PB/JE7Ld0///lt7Twt0Zpi1FIFDnrXNXpUrR\nA7W5dwPjlQhtFM7oD+tfyGX8lFjGsxiJOKA7fu3xWLjoxGA9qs12Hsl2GE7HfrqI\ndBjjlGQdAy5Ddpyz/Cau2bc3k06EjnUU3umbT5BTvwUWd6ccxMK/EBhCuWITZWgQ\n/enhBoC8nKU/fC7CkFu0ZHyPEJnrBmDr0xCgIeFEmfbHZdo7tMEQIMxhAhQGpSHU\nxmld7bUqlcQy5XQGzSwq3Wq8tuKbmegnAbnBESQrFwuxdEA6cR4QYujzNbM4nmOB\nAqtDfQLsEDx3gBE0rknMIVFNV7Xx9QIDAQABAoICAASXDfSCSj57RaNYNAa+2vhs\nuGyQSz/9dgKzECcOrwDyZDmB+rBo5cNOljNs6Qwa+RyueLnSqirr6k0je6oepHQK\nC5J6iPSwEL43Bopt1XqcjlV8QroeqQah6rR0khuifP6opQYGsU8ur1qLbn1QANBk\nGAhuJwEDMFZ/+pyvgSMPLXOfTKMq2IEkqkEkyhadqlX48yn+XZDeY1XuOJZfeyhw\nlzYElUOt6u261OCi7LJaHsdolEgKYftbotkYz+6vrL2Js9KrELHNXtX7ZvjvqTiQ\nuGxGFYMzMYSzdDHG1hs5gxAxFThGh/5AXTjRyuiDcYKl/WCPvCei++9HoO4FqpB9\nP5ye98cP1LLtUC4acsjXff4bfYxj77FJjDgrvlmpwYQv8lLUYGM0067Y7JrWrz5G\nOkQ0b31NUmDVO7aPYHx2B3isJaGApayBt+wtTFW3Z4DOt4N61jDR9Y5gUZ/Geoc+\nwMuy5iy9J4SfsfTTDrimEwSgFTuXWDG+GgJikRr/+V8SkdAIli91tsZOmgCByMDA\ni6Gkx72xg/kacHY4cOL0M+hz/nQHV8CZGoKnqLRCEbdJeTbzrSPMeri9rMUuZ0s5\nx+oN6EgbpgCHXQDvsDASTB6douEEh0O26ZAEN9JtpfzB4sC26mrnmPnXQC9PwsuJ\nGESma+WNabk/sHuXNHQxAoIBAQDlDg6ISCwOrf52Vk7cqiG+Vpim6KX4gfbcSusa\nSeF5xoZoujjnQRffN4+jrwVy/dRhdNmgBgnpZtPUsmoPCtSaZmmb/ysDIsoPXkw+\nO83tJ0zAF0pMtpOt7FSB19fBRV23lT3ahULJmBf4KhxNDhiJr96cblnSoc2wuF/f\nLfb6jJfk0jseOV4+QW2aNM4vOh34IJyZe1ULzHYfn7H6MJzMhEtYbmlzTTL3px6V\nJ/iwD+49+vxQenw3T0jGyz0MrSJxeAqM9fRefNSKDk0HRcX5Au5mOq1zcJr5zTeN\ngKeWw5vQ68c4ohueut6RFBW676Ajf14tcanINdx8qa5wI86dAoIBAQDS/FL5XOyr\nb+ikJKDRt2/JPSoU99zZoam+l89IBPn72vx+eY9qMBEmZ31clG/aPabcvLbEb+iK\n+h6cI2t3uM5Eubja/nW6+2elLaU+fUZqJ50VtUWvNkJpNFL4684JiFclrVopfHh0\nTY+JgCu9NSSkMPpR7UqNbt8CiBOZ666nNb5u2LBjTAsy10W/ti5EPKdFG/DQ96EL\nzWWQCaj4rGUazDcbTST2bOEPS+xDGonnDkDxHaKQAjW+8uILbIKHJnRo36nHsMFk\n8p9Il5axmdIYtinyaQrgFgEGTnj5AiQB4y+XINITiXiReF5KYx4F2onfweEQWLLu\njFG8UFdiTWU5AoIBAH0waJrtrz66tCgjVejfB6BLHhWjdArVpYGTZNmyZYy0B4Q3\nu6ARAKYcbOJOZ1EJEEnPnp4KjuJFNCO8+6CLD9XvgWskVHLbUcqChHNDJnKmlxkp\n4Y75/s8BKtLokGButCEBbZQAX5dlDDyzb1JiEOE4ARhIa8lma9BZhPSq36DitKX4\njR0gx7SI+AlfMQ242uZhlJWCReIz9p+kHZcbeKeC6tdDSVkeaWvXqCxnc1Fu84xm\nn/6wYzGroKAeNpi2C+wuar3OM6hs25E07b660NAfXQL8sQ42Dk3XbrRlC7On54KR\nSwpV93iSs9BhRNst2r1sAKIfzGbDoWV1LATYXTUCggEBAKiwo+rKmFPOCxTKUGa9\nIrykkbPoJYVAE4bWvB1aFUGAamb47Gi7e8rX7cyKxg+ZQYO1wu+2hhgwOS8fxroX\nYZxjXeCCmUDh55GSuE8JPLZ9a8RChi+700doVXq+lqLahssSGkeXRHvA06Xde5sx\nFVXN7yZ38ia44ceVYw6q+J6qgtL/n7AUydNheVv53m4ijJ7d4yJBC1tzYuPSRW5l\n8ASICPtkJ8x7a0qeqo1Qd7fslpHx3tsDWVONwJvfq1FBtstvIMEPmuEKd75DrXHc\nibXGWC2APPjDvxf6wBBf3MhBi/hqfmyuel7c/Y6+Ru/pNllYG4nFUXMXb/Z/yg5H\n0UkCggEBANP18N/t2PFsQTscLs8dgS8/pmB6jnwM5duN/cZVfftgSN/mSLdQ4qWC\necRoYMsN6n4YVwNkhY4+YjjwMGpRZGKj6t2zJM8gl2MmfAq2BpnI+KjmjUaU9XeI\nwxOsVqKqdAE1JAavq3AarDxtpwLRxKZJ27kA3YwnvwxF5At9nZHBy6zj7LsFaV9s\nmmms6FNmM/2U/MIL+MPx+l3WGeRD4K2XhhS8hy4qpHRqxld15W7rgRxlVX1nOyJm\nx52xzASePO/O9rcanYOMk///Fy1gIwFQJV/emY10y+b6APGjxqCdzVU2KBMK8ycl\n3QWjJvFaN/EXflFyD71Z9Kl20Jkg/qw=\n-----END PRIVATE KEY-----\n",
            "public_key_fingerprint_md5": "bb:ec:7e:c6:d4:a4:33:b7:33:2e:4c:46:fc:29:68:a8",
            "public_key_fingerprint_sha256": "SHA256:cJnLaXhgnmKgWRnhA08mBDacU35CqkAP207pEB8/TWU",
            "public_key_openssh": "ssh-rsa AAAAB3NzaC1yc2EAAAADAQABAAACAQC8x0v/t9PIqGIY4CuHVLLZ9LrieZWIbZCxiHNeMktJZsPRw8lwysV5lwPG/HYVDHxKJ5YEPV4oBA1XwxS9npNtkJr0DHCnPilVMGXEIwHrSAtAmPm3IDv4cKv1R9JoW/6T5zVdNphwdLhONA6UCk1WVgRr/QRxxeZn/kA1CLogV3ok6PzxN50JQ8drZ0GxFHm3bk9ac8KB9elmLyeJIMcyUwBWuCc9zNl3kT9KwIPwtWXbwAKrhehXp6yUETHNVNAUUDlAe+vlqdUAcJw1cD26G08e2K+jk9XkXQBHLI/0XycSQe8HRQshZJB0y/wxiZpSVaHJEycEmdYcr8mkrzSlO7YtjE/gCLfE4ulfHUs0PB/JE7Ld0///lt7Twt0Zpi1FIFDnrXNXpUrRA7W5dwPjlQhtFM7oD+tfyGX8lFjGsxiJOKA7fu3xWLjoxGA9qs12Hsl2GE7HfrqIdBjjlGQdAy5Ddpyz/Cau2bc3k06EjnUU3umbT5BTvwUWd6ccxMK/EBhCuWITZWgQ/enhBoC8nKU/fC7CkFu0ZHyPEJnrBmDr0xCgIeFEmfbHZdo7tMEQIMxhAhQGpSHUxmld7bUqlcQy5XQGzSwq3Wq8tuKbmegnAbnBESQrFwuxdEA6cR4QYujzNbM4nmOBAqtDfQLsEDx3gBE0rknMIVFNV7Xx9Q==\n",
            "public_key_pem": "-----BEGIN PUBLIC KEY-----\nMIICIjANBgkqhkiG9w0BAQEFAAOCAg8AMIICCgKCAgEAvMdL/7fTyKhiGOArh1Sy\n2fS64nmViG2QsYhzXjJLSWbD0cPJcMrFeZcDxvx2FQx8SieWBD1eKAQNV8MUvZ6T\nbZCa9Axwpz4pVTBlxCMB60gLQJj5tyA7+HCr9UfSaFv+k+c1XTaYcHS4TjQOlApN\nVlYEa/0EccXmZ/5ANQi6IFd6JOj88TedCUPHa2dBsRR5t25PWnPCgfXpZi8niSDH\nMlMAVrgnPczZd5E/SsCD8LVl28ACq4XoV6eslBExzVTQFFA5QHvr5anVAHCcNXA9\nuhtPHtivo5PV5F0ARyyP9F8nEkHvB0ULIWSQdMv8MYmaUlWhyRMnBJnWHK/JpK80\npTu2LYxP4Ai3xOLpXx1LNDwfyROy3dP//5be08LdGaYtRSBQ561zV6VK0QO1uXcD\n45UIbRTO6A/rX8hl/JRYxrMYiTigO37t8Vi46MRgParNdh7JdhhOx366iHQY45Rk\nHQMuQ3acs/wmrtm3N5NOhI51FN7pm0+QU78FFnenHMTCvxAYQrliE2VoEP3p4QaA\nvJylP3wuwpBbtGR8jxCZ6wZg69MQoCHhRJn2x2XaO7TBECDMYQIUBqUh1MZpXe21\nKpXEMuV0Bs0sKt1qvLbim5noJwG5wREkKxcLsXRAOnEeEGLo8zWzOJ5jgQKrQ30C\n7BA8d4ARNK5JzCFRTVe18fUCAwEAAQ==\n-----END PUBLIC KEY-----\n",
            "rsa_bits": 4096
          },
          "sensitive_attributes": [
            [
              {
                "type": "get_attr",
                "value": "private_key_openssh"
              }
            ],
            [
              {
                "type": "get_attr",
                "value": "private_key_pem"
              }
            ],
            [
              {
                "type": "get_attr",
                "value": "private_key_pem_pkcs8"
              }
            ]
          ],
          "identity_schema_version": 0
        }
      ]
    },
    {
      "module": "module.public_ec2",
      "mode": "managed",
      "type": "aws_instance",
      "name": "app_server",
      "provider": "provider[\"registry.terraform.io/hashicorp/aws\"]",
      "instances": [
        {
          "schema_version": 2,
          "attributes": {
            "ami": "ami-01a00762f46d584a1",
            "arn": "arn:aws:ec2:ap-south-1:106295460257:instance/i-09917b241f83b05d8",
            "associate_public_ip_address": true,
            "availability_zone": "ap-south-1a",
            "capacity_reservation_specification": [
              {
                "capacity_reservation_preference": "open",
                "capacity_reservation_target": []
              }
            ],
            "cpu_options": [
              {
                "amd_sev_snp": "",
                "core_count": 1,
                "nested_virtualization": "",
                "threads_per_core": 2
              }
            ],
            "credit_specification": [
              {
                "cpu_credits": "unlimited"
              }
            ],
            "disable_api_stop": false,
            "disable_api_termination": false,
            "ebs_block_device": [],
            "ebs_optimized": false,
            "enable_primary_ipv6": null,
            "enclave_options": [
              {
                "enabled": false
              }
            ],
            "ephemeral_block_device": [],
            "force_destroy": false,
            "get_password_data": false,
            "hibernation": false,
            "host_id": "",
            "host_resource_group_arn": null,
            "iam_instance_profile": "",
            "id": "i-09917b241f83b05d8",
            "instance_initiated_shutdown_behavior": "stop",
            "instance_lifecycle": "",
            "instance_market_options": [],
            "instance_state": "running",
            "instance_type": "t3.micro",
            "ipv6_address_count": 0,
            "ipv6_addresses": [],
            "key_name": "project-key",
            "launch_template": [],
            "maintenance_options": [
              {
                "auto_recovery": "default"
              }
            ],
            "metadata_options": [
              {
                "http_endpoint": "enabled",
                "http_protocol_ipv6": "disabled",
                "http_put_response_hop_limit": 2,
                "http_tokens": "required",
                "instance_metadata_tags": "disabled"
              }
            ],
            "monitoring": false,
            "network_interface": [],
            "outpost_arn": "",
            "password_data": "",
            "placement_group": "",
            "placement_group_id": "",
            "placement_partition_number": 0,
            "primary_network_interface": [
              {
                "delete_on_termination": true,
                "network_interface_id": "eni-0b52b6113e264a5e1"
              }
            ],
            "primary_network_interface_id": "eni-0b52b6113e264a5e1",
            "private_dns": "ip-10-0-1-208.ap-south-1.compute.internal",
            "private_dns_name_options": [
              {
                "enable_resource_name_dns_a_record": false,
                "enable_resource_name_dns_aaaa_record": false,
                "hostname_type": "ip-name"
              }
            ],
            "private_ip": "10.0.1.208",
            "public_dns": "ec2-13-201-67-124.ap-south-1.compute.amazonaws.com",
            "public_ip": "13.201.67.124",
            "region": "ap-south-1",
            "root_block_device": [
              {
                "delete_on_termination": true,
                "device_name": "/dev/sda1",
                "encrypted": false,
                "iops": 3000,
                "kms_key_id": "",
                "tags": {},
                "tags_all": {},
                "throughput": 125,
                "volume_id": "vol-0cc2666e4b87c6b26",
                "volume_size": 8,
                "volume_type": "gp3"
              }
            ],
            "secondary_network_interface": [],
            "secondary_private_ips": [],
            "security_groups": [],
            "source_dest_check": true,
            "spot_instance_request_id": "",
            "subnet_id": "subnet-0bb8871fefa45020c",
            "tags": {
              "Name": "Public-Host"
            },
            "tags_all": {
              "Name": "Public-Host"
            },
            "tenancy": "default",
            "timeouts": null,
            "user_data": "#!/bin/bash\n\napt update -y\n\napt install -y docker.io git curl\n\nsystemctl enable docker\nsystemctl start docker\n\nusermod -aG docker ubuntu\n\ncurl -SL https://github.com/docker/compose/releases/latest/download/docker-compose-linux-x86_64 \\\n-o /usr/local/bin/docker-compose\n\nchmod +x /usr/local/bin/docker-compose\n",
            "user_data_base64": null,
            "user_data_replace_on_change": false,
            "volume_tags": null,
            "vpc_security_group_ids": [
              "sg-026cae99bc23329fa"
            ]
          },
          "sensitive_attributes": [],
          "identity_schema_version": 0,
          "identity": {
            "account_id": "106295460257",
            "id": "i-09917b241f83b05d8",
            "region": "ap-south-1"
          },
          "private": "eyJlMmJmYjczMC1lY2FhLTExZTYtOGY4OC0zNDM2M2JjN2M0YzAiOnsiY3JlYXRlIjo2MDAwMDAwMDAwMDAsImRlbGV0ZSI6MTIwMDAwMDAwMDAwMCwicmVhZCI6OTAwMDAwMDAwMDAwLCJ1cGRhdGUiOjYwMDAwMDAwMDAwMH0sInNjaGVtYV92ZXJzaW9uIjoiMiJ9",
          "dependencies": [
            "module.key_pair.aws_key_pair.key",
            "module.key_pair.tls_private_key.ssh_key",
            "module.security_group.aws_security_group.SG",
            "module.vpc.aws_subnet.public",
            "module.vpc.aws_vpc.main"
          ]
        }
      ]
    },
    {
      "module": "module.rds",
      "mode": "managed",
      "type": "aws_db_instance",
      "name": "RDS",
      "provider": "provider[\"registry.terraform.io/hashicorp/aws\"]",
      "instances": [
        {
          "schema_version": 2,
          "attributes": {
            "address": "three-tier-db.cvwcciwygbnh.ap-south-1.rds.amazonaws.com",
            "allocated_storage": 20,
            "allow_major_version_upgrade": null,
            "apply_immediately": false,
            "arn": "arn:aws:rds:ap-south-1:106295460257:db:three-tier-db",
            "auto_minor_version_upgrade": true,
            "availability_zone": "ap-south-1a",
            "backup_retention_period": 0,
            "backup_target": "region",
            "backup_window": "23:01-23:31",
            "blue_green_update": [],
            "ca_cert_identifier": "rds-ca-rsa2048-g1",
            "character_set_name": "",
            "copy_tags_to_snapshot": false,
            "custom_iam_instance_profile": "",
            "customer_owned_ip_enabled": false,
            "database_insights_mode": "standard",
            "db_name": "employee_db",
            "db_subnet_group_name": "three-tier-db-subnet-group",
            "dedicated_log_volume": false,
            "delete_automated_backups": true,
            "deletion_protection": false,
            "domain": "",
            "domain_auth_secret_arn": "",
            "domain_dns_ips": null,
            "domain_fqdn": "",
            "domain_iam_role_name": "",
            "domain_ou": "",
            "enabled_cloudwatch_logs_exports": null,
            "endpoint": "three-tier-db.cvwcciwygbnh.ap-south-1.rds.amazonaws.com:3306",
            "engine": "mysql",
            "engine_lifecycle_support": "open-source-rds-extended-support",
            "engine_version": "8.0",
            "engine_version_actual": "8.0.46",
            "final_snapshot_identifier": null,
            "hosted_zone_id": "Z2VFMSZA74J7XZ",
            "iam_database_authentication_enabled": false,
            "id": "db-RR2TK6K5376WJUWJ6N5BQRWJBA",
            "identifier": "three-tier-db",
            "identifier_prefix": "",
            "instance_class": "db.t3.micro",
            "iops": 3000,
            "kms_key_id": "",
            "latest_restorable_time": "",
            "license_model": "general-public-license",
            "listener_endpoint": [],
            "maintenance_window": "thu:13:19-thu:13:49",
            "manage_master_user_password": null,
            "master_user_secret": [],
            "master_user_secret_kms_key_id": null,
            "max_allocated_storage": 0,
            "monitoring_interval": 0,
            "monitoring_role_arn": "",
            "multi_az": false,
            "nchar_character_set_name": "",
            "network_type": "IPV4",
            "option_group_name": "default:mysql-8-0",
            "parameter_group_name": "default.mysql8.0",
            "password": "Payal12345",
            "password_wo": null,
            "password_wo_version": null,
            "performance_insights_enabled": false,
            "performance_insights_kms_key_id": "",
            "performance_insights_retention_period": 0,
            "port": 3306,
            "publicly_accessible": false,
            "region": "ap-south-1",
            "replica_mode": "",
            "replicas": [],
            "replicate_source_db": "",
            "resource_id": "db-RR2TK6K5376WJUWJ6N5BQRWJBA",
            "restore_to_point_in_time": [],
            "s3_import": [],
            "skip_final_snapshot": true,
            "snapshot_identifier": null,
            "status": "available",
            "storage_encrypted": false,
            "storage_throughput": 125,
            "storage_type": "gp3",
            "tags": {
              "Name": "Three-Tier-RDS"
            },
            "tags_all": {
              "Name": "Three-Tier-RDS"
            },
            "timeouts": null,
            "timezone": "",
            "upgrade_rollout_order": "second",
            "upgrade_storage_config": null,
            "username": "Payal",
            "vpc_security_group_ids": [
              "sg-0896298cd78056707"
            ]
          },
          "sensitive_attributes": [
            [
              {
                "type": "get_attr",
                "value": "password"
              }
            ],
            [
              {
                "type": "get_attr",
                "value": "password_wo"
              }
            ]
          ],
          "identity_schema_version": 0,
          "private": "eyJlMmJmYjczMC1lY2FhLTExZTYtOGY4OC0zNDM2M2JjN2M0YzAiOnsiY3JlYXRlIjozMDAwMDAwMDAwMDAwLCJkZWxldGUiOjM2MDAwMDAwMDAwMDAsInVwZGF0ZSI6NDgwMDAwMDAwMDAwMH0sInNjaGVtYV92ZXJzaW9uIjoiMiJ9",
          "dependencies": [
            "module.rds.aws_db_subnet_group.this",
            "module.security_group.aws_security_group.SG",
            "module.vpc.aws_subnet.private_db",
            "module.vpc.aws_vpc.main"
          ]
        }
      ]
    },
    {
      "module": "module.rds",
      "mode": "managed",
      "type": "aws_db_subnet_group",
      "name": "this",
      "provider": "provider[\"registry.terraform.io/hashicorp/aws\"]",
      "instances": [
        {
          "schema_version": 0,
          "attributes": {
            "arn": "arn:aws:rds:ap-south-1:106295460257:subgrp:three-tier-db-subnet-group",
            "description": "Managed by Terraform",
            "id": "three-tier-db-subnet-group",
            "name": "three-tier-db-subnet-group",
            "name_prefix": "",
            "region": "ap-south-1",
            "subnet_ids": [
              "subnet-0091a77368562049e",
              "subnet-0c754a6548861d4ec"
            ],
            "supported_network_types": [
              "IPV4"
            ],
            "tags": {
              "Name": "DB-Subnet-Group"
            },
            "tags_all": {
              "Name": "DB-Subnet-Group"
            },
            "vpc_id": "vpc-0b01f94f0c1b68688"
          },
          "sensitive_attributes": [],
          "identity_schema_version": 0,
          "identity": {
            "account_id": "106295460257",
            "name": "three-tier-db-subnet-group",
            "region": "ap-south-1"
          },
          "private": "bnVsbA==",
          "dependencies": [
            "module.vpc.aws_subnet.private_db",
            "module.vpc.aws_vpc.main"
          ]
        }
      ]
    },
    {
      "module": "module.security_group",
      "mode": "managed",
      "type": "aws_security_group",
      "name": "SG",
      "provider": "provider[\"registry.terraform.io/hashicorp/aws\"]",
      "instances": [
        {
          "index_key": 0,
          "schema_version": 1,
          "attributes": {
            "arn": "arn:aws:ec2:ap-south-1:106295460257:security-group/sg-0ce35e2f2c0f977d8",
            "description": "Managed by Terraform",
            "egress": [],
            "id": "sg-0ce35e2f2c0f977d8",
            "ingress": [],
            "name": "alb-sg",
            "name_prefix": "",
            "owner_id": "106295460257",
            "region": "ap-south-1",
            "revoke_rules_on_delete": false,
            "tags": {
              "Name": "alb-sg"
            },
            "tags_all": {
              "Name": "alb-sg"
            },
            "timeouts": null,
            "vpc_id": "vpc-0b01f94f0c1b68688"
          },
          "sensitive_attributes": [],
          "identity_schema_version": 0,
          "identity": {
            "account_id": "106295460257",
            "id": "sg-0ce35e2f2c0f977d8",
            "region": "ap-south-1"
          },
          "private": "eyJlMmJmYjczMC1lY2FhLTExZTYtOGY4OC0zNDM2M2JjN2M0YzAiOnsiY3JlYXRlIjo2MDAwMDAwMDAwMDAsImRlbGV0ZSI6OTAwMDAwMDAwMDAwfSwic2NoZW1hX3ZlcnNpb24iOiIxIn0=",
          "dependencies": [
            "module.vpc.aws_vpc.main"
          ]
        },
        {
          "index_key": 1,
          "schema_version": 1,
          "attributes": {
            "arn": "arn:aws:ec2:ap-south-1:106295460257:security-group/sg-08acdbafda667ce47",
            "description": "Managed by Terraform",
            "egress": [],
            "id": "sg-08acdbafda667ce47",
            "ingress": [],
            "name": "app-sg",
            "name_prefix": "",
            "owner_id": "106295460257",
            "region": "ap-south-1",
            "revoke_rules_on_delete": false,
            "tags": {
              "Name": "app-sg"
            },
            "tags_all": {
              "Name": "app-sg"
            },
            "timeouts": null,
            "vpc_id": "vpc-0b01f94f0c1b68688"
          },
          "sensitive_attributes": [],
          "identity_schema_version": 0,
          "identity": {
            "account_id": "106295460257",
            "id": "sg-08acdbafda667ce47",
            "region": "ap-south-1"
          },
          "private": "eyJlMmJmYjczMC1lY2FhLTExZTYtOGY4OC0zNDM2M2JjN2M0YzAiOnsiY3JlYXRlIjo2MDAwMDAwMDAwMDAsImRlbGV0ZSI6OTAwMDAwMDAwMDAwfSwic2NoZW1hX3ZlcnNpb24iOiIxIn0=",
          "dependencies": [
            "module.vpc.aws_vpc.main"
          ]
        },
        {
          "index_key": 2,
          "schema_version": 1,
          "attributes": {
            "arn": "arn:aws:ec2:ap-south-1:106295460257:security-group/sg-0896298cd78056707",
            "description": "Managed by Terraform",
            "egress": [],
            "id": "sg-0896298cd78056707",
            "ingress": [],
            "name": "db-sg",
            "name_prefix": "",
            "owner_id": "106295460257",
            "region": "ap-south-1",
            "revoke_rules_on_delete": false,
            "tags": {
              "Name": "db-sg"
            },
            "tags_all": {
              "Name": "db-sg"
            },
            "timeouts": null,
            "vpc_id": "vpc-0b01f94f0c1b68688"
          },
          "sensitive_attributes": [],
          "identity_schema_version": 0,
          "identity": {
            "account_id": "106295460257",
            "id": "sg-0896298cd78056707",
            "region": "ap-south-1"
          },
          "private": "eyJlMmJmYjczMC1lY2FhLTExZTYtOGY4OC0zNDM2M2JjN2M0YzAiOnsiY3JlYXRlIjo2MDAwMDAwMDAwMDAsImRlbGV0ZSI6OTAwMDAwMDAwMDAwfSwic2NoZW1hX3ZlcnNpb24iOiIxIn0=",
          "dependencies": [
            "module.vpc.aws_vpc.main"
          ]
        },
        {
          "index_key": 3,
          "schema_version": 1,
          "attributes": {
            "arn": "arn:aws:ec2:ap-south-1:106295460257:security-group/sg-026cae99bc23329fa",
            "description": "Managed by Terraform",
            "egress": [],
            "id": "sg-026cae99bc23329fa",
            "ingress": [],
            "name": "public-sg",
            "name_prefix": "",
            "owner_id": "106295460257",
            "region": "ap-south-1",
            "revoke_rules_on_delete": false,
            "tags": {
              "Name": "public-sg"
            },
            "tags_all": {
              "Name": "public-sg"
            },
            "timeouts": null,
            "vpc_id": "vpc-0b01f94f0c1b68688"
          },
          "sensitive_attributes": [],
          "identity_schema_version": 0,
          "identity": {
            "account_id": "106295460257",
            "id": "sg-026cae99bc23329fa",
            "region": "ap-south-1"
          },
          "private": "eyJlMmJmYjczMC1lY2FhLTExZTYtOGY4OC0zNDM2M2JjN2M0YzAiOnsiY3JlYXRlIjo2MDAwMDAwMDAwMDAsImRlbGV0ZSI6OTAwMDAwMDAwMDAwfSwic2NoZW1hX3ZlcnNpb24iOiIxIn0=",
          "dependencies": [
            "module.vpc.aws_vpc.main"
          ]
        }
      ]
    },
    {
      "module": "module.security_group",
      "mode": "managed",
      "type": "aws_security_group_rule",
      "name": "alb_egress",
      "provider": "provider[\"registry.terraform.io/hashicorp/aws\"]",
      "instances": [
        {
          "index_key": 0,
          "schema_version": 2,
          "attributes": {
            "cidr_blocks": [
              "0.0.0.0/0"
            ],
            "description": null,
            "from_port": 80,
            "id": "sgrule-653454930",
            "ipv6_cidr_blocks": null,
            "prefix_list_ids": null,
            "protocol": "tcp",
            "region": "ap-south-1",
            "security_group_id": "sg-0ce35e2f2c0f977d8",
            "security_group_rule_id": "sgr-00214bc38a5de3aed",
            "self": false,
            "source_security_group_id": null,
            "timeouts": null,
            "to_port": 80,
            "type": "egress"
          },
          "sensitive_attributes": [],
          "identity_schema_version": 0,
          "private": "eyJlMmJmYjczMC1lY2FhLTExZTYtOGY4OC0zNDM2M2JjN2M0YzAiOnsiY3JlYXRlIjozMDAwMDAwMDAwMDB9LCJzY2hlbWFfdmVyc2lvbiI6IjIifQ==",
          "dependencies": [
            "module.security_group.aws_security_group.SG",
            "module.vpc.aws_vpc.main"
          ]
        },
        {
          "index_key": 1,
          "schema_version": 2,
          "attributes": {
            "cidr_blocks": [
              "0.0.0.0/0"
            ],
            "description": null,
            "from_port": 443,
            "id": "sgrule-911819110",
            "ipv6_cidr_blocks": null,
            "prefix_list_ids": null,
            "protocol": "tcp",
            "region": "ap-south-1",
            "security_group_id": "sg-0ce35e2f2c0f977d8",
            "security_group_rule_id": "sgr-097e33609e1ea71af",
            "self": false,
            "source_security_group_id": null,
            "timeouts": null,
            "to_port": 443,
            "type": "egress"
          },
          "sensitive_attributes": [],
          "identity_schema_version": 0,
          "private": "eyJlMmJmYjczMC1lY2FhLTExZTYtOGY4OC0zNDM2M2JjN2M0YzAiOnsiY3JlYXRlIjozMDAwMDAwMDAwMDB9LCJzY2hlbWFfdmVyc2lvbiI6IjIifQ==",
          "dependencies": [
            "module.security_group.aws_security_group.SG",
            "module.vpc.aws_vpc.main"
          ]
        }
      ]
    },
    {
      "module": "module.security_group",
      "mode": "managed",
      "type": "aws_security_group_rule",
      "name": "alb_ingress",
      "provider": "provider[\"registry.terraform.io/hashicorp/aws\"]",
      "instances": [
        {
          "index_key": 0,
          "schema_version": 2,
          "attributes": {
            "cidr_blocks": [
              "0.0.0.0/0"
            ],
            "description": null,
            "from_port": 80,
            "id": "sgrule-121758050",
            "ipv6_cidr_blocks": null,
            "prefix_list_ids": null,
            "protocol": "tcp",
            "region": "ap-south-1",
            "security_group_id": "sg-0ce35e2f2c0f977d8",
            "security_group_rule_id": "sgr-05632ce56e795b387",
            "self": false,
            "source_security_group_id": null,
            "timeouts": null,
            "to_port": 80,
            "type": "ingress"
          },
          "sensitive_attributes": [],
          "identity_schema_version": 0,
          "private": "eyJlMmJmYjczMC1lY2FhLTExZTYtOGY4OC0zNDM2M2JjN2M0YzAiOnsiY3JlYXRlIjozMDAwMDAwMDAwMDB9LCJzY2hlbWFfdmVyc2lvbiI6IjIifQ==",
          "dependencies": [
            "module.security_group.aws_security_group.SG",
            "module.vpc.aws_vpc.main"
          ]
        },
        {
          "index_key": 1,
          "schema_version": 2,
          "attributes": {
            "cidr_blocks": [
              "0.0.0.0/0"
            ],
            "description": null,
            "from_port": 443,
            "id": "sgrule-652590712",
            "ipv6_cidr_blocks": null,
            "prefix_list_ids": null,
            "protocol": "tcp",
            "region": "ap-south-1",
            "security_group_id": "sg-0ce35e2f2c0f977d8",
            "security_group_rule_id": "sgr-0a74a169c05b18a84",
            "self": false,
            "source_security_group_id": null,
            "timeouts": null,
            "to_port": 443,
            "type": "ingress"
          },
          "sensitive_attributes": [],
          "identity_schema_version": 0,
          "private": "eyJlMmJmYjczMC1lY2FhLTExZTYtOGY4OC0zNDM2M2JjN2M0YzAiOnsiY3JlYXRlIjozMDAwMDAwMDAwMDB9LCJzY2hlbWFfdmVyc2lvbiI6IjIifQ==",
          "dependencies": [
            "module.security_group.aws_security_group.SG",
            "module.vpc.aws_vpc.main"
          ]
        }
      ]
    },
    {
      "module": "module.security_group",
      "mode": "managed",
      "type": "aws_security_group_rule",
      "name": "app_egress",
      "provider": "provider[\"registry.terraform.io/hashicorp/aws\"]",
      "instances": [
        {
          "index_key": 0,
          "schema_version": 2,
          "attributes": {
            "cidr_blocks": [
              "0.0.0.0/0"
            ],
            "description": null,
            "from_port": 3000,
            "id": "sgrule-1822634300",
            "ipv6_cidr_blocks": null,
            "prefix_list_ids": null,
            "protocol": "tcp",
            "region": "ap-south-1",
            "security_group_id": "sg-08acdbafda667ce47",
            "security_group_rule_id": "sgr-0d31c94336c79d88b",
            "self": false,
            "source_security_group_id": null,
            "timeouts": null,
            "to_port": 3000,
            "type": "egress"
          },
          "sensitive_attributes": [],
          "identity_schema_version": 0,
          "private": "eyJlMmJmYjczMC1lY2FhLTExZTYtOGY4OC0zNDM2M2JjN2M0YzAiOnsiY3JlYXRlIjozMDAwMDAwMDAwMDB9LCJzY2hlbWFfdmVyc2lvbiI6IjIifQ==",
          "dependencies": [
            "module.security_group.aws_security_group.SG",
            "module.vpc.aws_vpc.main"
          ]
        },
        {
          "index_key": 1,
          "schema_version": 2,
          "attributes": {
            "cidr_blocks": [
              "0.0.0.0/0"
            ],
            "description": null,
            "from_port": 80,
            "id": "sgrule-3646406918",
            "ipv6_cidr_blocks": null,
            "prefix_list_ids": null,
            "protocol": "tcp",
            "region": "ap-south-1",
            "security_group_id": "sg-08acdbafda667ce47",
            "security_group_rule_id": "sgr-078d53ddfb7258d6f",
            "self": false,
            "source_security_group_id": null,
            "timeouts": null,
            "to_port": 80,
            "type": "egress"
          },
          "sensitive_attributes": [],
          "identity_schema_version": 0,
          "private": "eyJlMmJmYjczMC1lY2FhLTExZTYtOGY4OC0zNDM2M2JjN2M0YzAiOnsiY3JlYXRlIjozMDAwMDAwMDAwMDB9LCJzY2hlbWFfdmVyc2lvbiI6IjIifQ==",
          "dependencies": [
            "module.security_group.aws_security_group.SG",
            "module.vpc.aws_vpc.main"
          ]
        }
      ]
    },
    {
      "module": "module.security_group",
      "mode": "managed",
      "type": "aws_security_group_rule",
      "name": "app_ingress",
      "provider": "provider[\"registry.terraform.io/hashicorp/aws\"]",
      "instances": [
        {
          "index_key": 0,
          "schema_version": 2,
          "attributes": {
            "cidr_blocks": null,
            "description": null,
            "from_port": 3000,
            "id": "sgrule-528672176",
            "ipv6_cidr_blocks": null,
            "prefix_list_ids": null,
            "protocol": "tcp",
            "region": "ap-south-1",
            "security_group_id": "sg-08acdbafda667ce47",
            "security_group_rule_id": "sgr-02c1cd8db4c478505",
            "self": false,
            "source_security_group_id": "sg-0ce35e2f2c0f977d8",
            "timeouts": null,
            "to_port": 3000,
            "type": "ingress"
          },
          "sensitive_attributes": [],
          "identity_schema_version": 0,
          "private": "eyJlMmJmYjczMC1lY2FhLTExZTYtOGY4OC0zNDM2M2JjN2M0YzAiOnsiY3JlYXRlIjozMDAwMDAwMDAwMDB9LCJzY2hlbWFfdmVyc2lvbiI6IjIifQ==",
          "dependencies": [
            "module.security_group.aws_security_group.SG",
            "module.vpc.aws_vpc.main"
          ]
        },
        {
          "index_key": 1,
          "schema_version": 2,
          "attributes": {
            "cidr_blocks": null,
            "description": null,
            "from_port": 80,
            "id": "sgrule-938267710",
            "ipv6_cidr_blocks": null,
            "prefix_list_ids": null,
            "protocol": "tcp",
            "region": "ap-south-1",
            "security_group_id": "sg-08acdbafda667ce47",
            "security_group_rule_id": "sgr-081f657881fb2c022",
            "self": false,
            "source_security_group_id": "sg-0ce35e2f2c0f977d8",
            "timeouts": null,
            "to_port": 80,
            "type": "ingress"
          },
          "sensitive_attributes": [],
          "identity_schema_version": 0,
          "private": "eyJlMmJmYjczMC1lY2FhLTExZTYtOGY4OC0zNDM2M2JjN2M0YzAiOnsiY3JlYXRlIjozMDAwMDAwMDAwMDB9LCJzY2hlbWFfdmVyc2lvbiI6IjIifQ==",
          "dependencies": [
            "module.security_group.aws_security_group.SG",
            "module.vpc.aws_vpc.main"
          ]
        }
      ]
    },
    {
      "module": "module.security_group",
      "mode": "managed",
      "type": "aws_security_group_rule",
      "name": "db_egress",
      "provider": "provider[\"registry.terraform.io/hashicorp/aws\"]",
      "instances": [
        {
          "index_key": 0,
          "schema_version": 2,
          "attributes": {
            "cidr_blocks": [
              "0.0.0.0/0"
            ],
            "description": null,
            "from_port": 3306,
            "id": "sgrule-2291632789",
            "ipv6_cidr_blocks": null,
            "prefix_list_ids": null,
            "protocol": "tcp",
            "region": "ap-south-1",
            "security_group_id": "sg-0896298cd78056707",
            "security_group_rule_id": "sgr-0420d63a1bdfae7cc",
            "self": false,
            "source_security_group_id": null,
            "timeouts": null,
            "to_port": 3306,
            "type": "egress"
          },
          "sensitive_attributes": [],
          "identity_schema_version": 0,
          "private": "eyJlMmJmYjczMC1lY2FhLTExZTYtOGY4OC0zNDM2M2JjN2M0YzAiOnsiY3JlYXRlIjozMDAwMDAwMDAwMDB9LCJzY2hlbWFfdmVyc2lvbiI6IjIifQ==",
          "dependencies": [
            "module.security_group.aws_security_group.SG",
            "module.vpc.aws_vpc.main"
          ]
        }
      ]
    },
    {
      "module": "module.security_group",
      "mode": "managed",
      "type": "aws_security_group_rule",
      "name": "db_ingress",
      "provider": "provider[\"registry.terraform.io/hashicorp/aws\"]",
      "instances": [
        {
          "index_key": 0,
          "schema_version": 2,
          "attributes": {
            "cidr_blocks": null,
            "description": null,
            "from_port": 3306,
            "id": "sgrule-3957473091",
            "ipv6_cidr_blocks": null,
            "prefix_list_ids": null,
            "protocol": "tcp",
            "region": "ap-south-1",
            "security_group_id": "sg-0896298cd78056707",
            "security_group_rule_id": "sgr-05863c1fc7532b88e",
            "self": false,
            "source_security_group_id": "sg-08acdbafda667ce47",
            "timeouts": null,
            "to_port": 3306,
            "type": "ingress"
          },
          "sensitive_attributes": [],
          "identity_schema_version": 0,
          "private": "eyJlMmJmYjczMC1lY2FhLTExZTYtOGY4OC0zNDM2M2JjN2M0YzAiOnsiY3JlYXRlIjozMDAwMDAwMDAwMDB9LCJzY2hlbWFfdmVyc2lvbiI6IjIifQ==",
          "dependencies": [
            "module.security_group.aws_security_group.SG",
            "module.vpc.aws_vpc.main"
          ]
        }
      ]
    },
    {
      "module": "module.security_group",
      "mode": "managed",
      "type": "aws_security_group_rule",
      "name": "public_egress",
      "provider": "provider[\"registry.terraform.io/hashicorp/aws\"]",
      "instances": [
        {
          "index_key": 0,
          "schema_version": 2,
          "attributes": {
            "cidr_blocks": [
              "0.0.0.0/0"
            ],
            "description": null,
            "from_port": 0,
            "id": "sgrule-520631459",
            "ipv6_cidr_blocks": null,
            "prefix_list_ids": null,
            "protocol": "-1",
            "region": "ap-south-1",
            "security_group_id": "sg-026cae99bc23329fa",
            "security_group_rule_id": "sgr-003aa68317348dd56",
            "self": false,
            "source_security_group_id": null,
            "timeouts": null,
            "to_port": 0,
            "type": "egress"
          },
          "sensitive_attributes": [],
          "identity_schema_version": 0,
          "private": "eyJlMmJmYjczMC1lY2FhLTExZTYtOGY4OC0zNDM2M2JjN2M0YzAiOnsiY3JlYXRlIjozMDAwMDAwMDAwMDB9LCJzY2hlbWFfdmVyc2lvbiI6IjIifQ==",
          "dependencies": [
            "module.security_group.aws_security_group.SG",
            "module.vpc.aws_vpc.main"
          ]
        }
      ]
    },
    {
      "module": "module.security_group",
      "mode": "managed",
      "type": "aws_security_group_rule",
      "name": "public_ingress",
      "provider": "provider[\"registry.terraform.io/hashicorp/aws\"]",
      "instances": [
        {
          "index_key": 0,
          "schema_version": 2,
          "attributes": {
            "cidr_blocks": null,
            "description": null,
            "from_port": 22,
            "id": "sgrule-2758625671",
            "ipv6_cidr_blocks": null,
            "prefix_list_ids": null,
            "protocol": "tcp",
            "region": "ap-south-1",
            "security_group_id": "sg-026cae99bc23329fa",
            "security_group_rule_id": "sgr-07f4b66757f119f76",
            "self": false,
            "source_security_group_id": "sg-0896298cd78056707",
            "timeouts": null,
            "to_port": 22,
            "type": "ingress"
          },
          "sensitive_attributes": [],
          "identity_schema_version": 0,
          "private": "eyJlMmJmYjczMC1lY2FhLTExZTYtOGY4OC0zNDM2M2JjN2M0YzAiOnsiY3JlYXRlIjozMDAwMDAwMDAwMDB9LCJzY2hlbWFfdmVyc2lvbiI6IjIifQ==",
          "dependencies": [
            "module.security_group.aws_security_group.SG",
            "module.vpc.aws_vpc.main"
          ]
        }
      ]
    },
    {
      "module": "module.vpc",
      "mode": "managed",
      "type": "aws_eip",
      "name": "nat",
      "provider": "module.vpc.provider[\"registry.terraform.io/hashicorp/aws\"]",
      "instances": [
        {
          "schema_version": 0,
          "attributes": {
            "address": null,
            "allocation_id": "eipalloc-01469a59c9c34fdd7",
            "arn": "arn:aws:ec2:ap-south-1:106295460257:elastic-ip/eipalloc-01469a59c9c34fdd7",
            "associate_with_private_ip": null,
            "association_id": "",
            "carrier_ip": "",
            "customer_owned_ip": "",
            "customer_owned_ipv4_pool": "",
            "domain": "vpc",
            "id": "eipalloc-01469a59c9c34fdd7",
            "instance": "",
            "ipam_pool_id": "",
            "network_border_group": "ap-south-1",
            "network_interface": "",
            "private_dns": "",
            "private_ip": "",
            "ptr_record": "",
            "public_dns": "ec2-3-111-112-80.ap-south-1.compute.amazonaws.com",
            "public_ip": "3.111.112.80",
            "public_ipv4_pool": "amazon",
            "region": "ap-south-1",
            "tags": {
              "Name": "nat-eip"
            },
            "tags_all": {
              "Name": "nat-eip"
            },
            "timeouts": null
          },
          "sensitive_attributes": [],
          "identity_schema_version": 0,
          "identity": {
            "account_id": "106295460257",
            "id": "eipalloc-01469a59c9c34fdd7",
            "region": "ap-south-1"
          },
          "private": "eyJlMmJmYjczMC1lY2FhLTExZTYtOGY4OC0zNDM2M2JjN2M0YzAiOnsiZGVsZXRlIjoxODAwMDAwMDAwMDAsInJlYWQiOjkwMDAwMDAwMDAwMCwidXBkYXRlIjozMDAwMDAwMDAwMDB9fQ=="
        }
      ]
    },
    {
      "module": "module.vpc",
      "mode": "managed",
      "type": "aws_internet_gateway",
      "name": "igw",
      "provider": "module.vpc.provider[\"registry.terraform.io/hashicorp/aws\"]",
      "instances": [
        {
          "schema_version": 0,
          "attributes": {
            "arn": "arn:aws:ec2:ap-south-1:106295460257:internet-gateway/igw-0464ddd71879cfadc",
            "id": "igw-0464ddd71879cfadc",
            "owner_id": "106295460257",
            "region": "ap-south-1",
            "tags": {
              "Name": "three-tier-igw"
            },
            "tags_all": {
              "Name": "three-tier-igw"
            },
            "timeouts": null,
            "vpc_id": "vpc-0b01f94f0c1b68688"
          },
          "sensitive_attributes": [],
          "identity_schema_version": 0,
          "identity": {
            "account_id": "106295460257",
            "id": "igw-0464ddd71879cfadc",
            "region": "ap-south-1"
          },
          "private": "eyJlMmJmYjczMC1lY2FhLTExZTYtOGY4OC0zNDM2M2JjN2M0YzAiOnsiY3JlYXRlIjoxMjAwMDAwMDAwMDAwLCJkZWxldGUiOjEyMDAwMDAwMDAwMDAsInVwZGF0ZSI6MTIwMDAwMDAwMDAwMH19",
          "dependencies": [
            "module.vpc.aws_vpc.main"
          ]
        }
      ]
    },
    {
      "module": "module.vpc",
      "mode": "managed",
      "type": "aws_nat_gateway",
      "name": "nat",
      "provider": "module.vpc.provider[\"registry.terraform.io/hashicorp/aws\"]",
      "instances": [
        {
          "schema_version": 0,
          "attributes": {
            "allocation_id": "eipalloc-01469a59c9c34fdd7",
            "association_id": "eipassoc-082f180b89ed4d4b2",
            "auto_provision_zones": null,
            "auto_scaling_ips": null,
            "availability_mode": "zonal",
            "availability_zone_address": [],
            "connectivity_type": "public",
            "id": "nat-0cd8111bec5fdee5f",
            "network_interface_id": "eni-0e4e38e341614bdd3",
            "private_ip": "10.0.1.89",
            "public_ip": "3.111.112.80",
            "region": "ap-south-1",
            "regional_nat_gateway_address": [],
            "regional_nat_gateway_auto_mode": null,
            "route_table_id": null,
            "secondary_allocation_ids": [],
            "secondary_private_ip_address_count": 0,
            "secondary_private_ip_addresses": [],
            "subnet_id": "subnet-0bb8871fefa45020c",
            "tags": {
              "Name": "three-tier-nat"
            },
            "tags_all": {
              "Name": "three-tier-nat"
            },
            "timeouts": null,
            "vpc_id": "vpc-0b01f94f0c1b68688"
          },
          "sensitive_attributes": [],
          "identity_schema_version": 0,
          "identity": {
            "account_id": "106295460257",
            "id": "nat-0cd8111bec5fdee5f",
            "region": "ap-south-1"
          },
          "private": "eyJlMmJmYjczMC1lY2FhLTExZTYtOGY4OC0zNDM2M2JjN2M0YzAiOnsiY3JlYXRlIjo2MDAwMDAwMDAwMDAsImRlbGV0ZSI6MTgwMDAwMDAwMDAwMCwidXBkYXRlIjo2MDAwMDAwMDAwMDB9fQ==",
          "dependencies": [
            "module.vpc.aws_eip.nat",
            "module.vpc.aws_internet_gateway.igw",
            "module.vpc.aws_subnet.public",
            "module.vpc.aws_vpc.main"
          ]
        }
      ]
    },
    {
      "module": "module.vpc",
      "mode": "managed",
      "type": "aws_route_table",
      "name": "private",
      "provider": "module.vpc.provider[\"registry.terraform.io/hashicorp/aws\"]",
      "instances": [
        {
          "schema_version": 0,
          "attributes": {
            "arn": "arn:aws:ec2:ap-south-1:106295460257:route-table/rtb-0e2465950fdf6a7a4",
            "id": "rtb-0e2465950fdf6a7a4",
            "owner_id": "106295460257",
            "propagating_vgws": [],
            "region": "ap-south-1",
            "route": [
              {
                "carrier_gateway_id": "",
                "cidr_block": "0.0.0.0/0",
                "core_network_arn": "",
                "destination_prefix_list_id": "",
                "egress_only_gateway_id": "",
                "gateway_id": "",
                "ipv6_cidr_block": "",
                "local_gateway_id": "",
                "nat_gateway_id": "nat-0cd8111bec5fdee5f",
                "network_interface_id": "",
                "odb_network_arn": "",
                "transit_gateway_id": "",
                "vpc_endpoint_id": "",
                "vpc_peering_connection_id": ""
              }
            ],
            "tags": {
              "Name": "Private-RT"
            },
            "tags_all": {
              "Name": "Private-RT"
            },
            "timeouts": null,
            "vpc_id": "vpc-0b01f94f0c1b68688"
          },
          "sensitive_attributes": [],
          "identity_schema_version": 0,
          "identity": {
            "account_id": "106295460257",
            "id": "rtb-0e2465950fdf6a7a4",
            "region": "ap-south-1"
          },
          "private": "eyJlMmJmYjczMC1lY2FhLTExZTYtOGY4OC0zNDM2M2JjN2M0YzAiOnsiY3JlYXRlIjozMDAwMDAwMDAwMDAsImRlbGV0ZSI6MzAwMDAwMDAwMDAwLCJ1cGRhdGUiOjEyMDAwMDAwMDAwMH19",
          "dependencies": [
            "module.vpc.aws_eip.nat",
            "module.vpc.aws_internet_gateway.igw",
            "module.vpc.aws_nat_gateway.nat",
            "module.vpc.aws_subnet.public",
            "module.vpc.aws_vpc.main"
          ]
        }
      ]
    },
    {
      "module": "module.vpc",
      "mode": "managed",
      "type": "aws_route_table",
      "name": "public",
      "provider": "module.vpc.provider[\"registry.terraform.io/hashicorp/aws\"]",
      "instances": [
        {
          "schema_version": 0,
          "attributes": {
            "arn": "arn:aws:ec2:ap-south-1:106295460257:route-table/rtb-072d411e727f1d10e",
            "id": "rtb-072d411e727f1d10e",
            "owner_id": "106295460257",
            "propagating_vgws": [],
            "region": "ap-south-1",
            "route": [
              {
                "carrier_gateway_id": "",
                "cidr_block": "0.0.0.0/0",
                "core_network_arn": "",
                "destination_prefix_list_id": "",
                "egress_only_gateway_id": "",
                "gateway_id": "igw-0464ddd71879cfadc",
                "ipv6_cidr_block": "",
                "local_gateway_id": "",
                "nat_gateway_id": "",
                "network_interface_id": "",
                "odb_network_arn": "",
                "transit_gateway_id": "",
                "vpc_endpoint_id": "",
                "vpc_peering_connection_id": ""
              }
            ],
            "tags": {
              "Name": "Public-RT"
            },
            "tags_all": {
              "Name": "Public-RT"
            },
            "timeouts": null,
            "vpc_id": "vpc-0b01f94f0c1b68688"
          },
          "sensitive_attributes": [],
          "identity_schema_version": 0,
          "identity": {
            "account_id": "106295460257",
            "id": "rtb-072d411e727f1d10e",
            "region": "ap-south-1"
          },
          "private": "eyJlMmJmYjczMC1lY2FhLTExZTYtOGY4OC0zNDM2M2JjN2M0YzAiOnsiY3JlYXRlIjozMDAwMDAwMDAwMDAsImRlbGV0ZSI6MzAwMDAwMDAwMDAwLCJ1cGRhdGUiOjEyMDAwMDAwMDAwMH19",
          "dependencies": [
            "module.vpc.aws_internet_gateway.igw",
            "module.vpc.aws_vpc.main"
          ]
        }
      ]
    },
    {
      "module": "module.vpc",
      "mode": "managed",
      "type": "aws_route_table_association",
      "name": "private_app",
      "provider": "module.vpc.provider[\"registry.terraform.io/hashicorp/aws\"]",
      "instances": [
        {
          "index_key": 0,
          "schema_version": 0,
          "attributes": {
            "gateway_id": "",
            "id": "rtbassoc-0ae0d5d0a445cceaa",
            "region": "ap-south-1",
            "route_table_id": "rtb-0e2465950fdf6a7a4",
            "subnet_id": "subnet-0336976f1db462bbb",
            "timeouts": null
          },
          "sensitive_attributes": [],
          "identity_schema_version": 0,
          "identity": {
            "account_id": "106295460257",
            "id": "rtbassoc-0ae0d5d0a445cceaa",
            "region": "ap-south-1"
          },
          "private": "eyJlMmJmYjczMC1lY2FhLTExZTYtOGY4OC0zNDM2M2JjN2M0YzAiOnsiY3JlYXRlIjozMDAwMDAwMDAwMDAsImRlbGV0ZSI6MzAwMDAwMDAwMDAwLCJ1cGRhdGUiOjEyMDAwMDAwMDAwMH19",
          "dependencies": [
            "module.vpc.aws_eip.nat",
            "module.vpc.aws_internet_gateway.igw",
            "module.vpc.aws_nat_gateway.nat",
            "module.vpc.aws_route_table.private",
            "module.vpc.aws_subnet.private_app",
            "module.vpc.aws_subnet.public",
            "module.vpc.aws_vpc.main"
          ]
        },
        {
          "index_key": 1,
          "schema_version": 0,
          "attributes": {
            "gateway_id": "",
            "id": "rtbassoc-0badcc59451c74582",
            "region": "ap-south-1",
            "route_table_id": "rtb-0e2465950fdf6a7a4",
            "subnet_id": "subnet-046750a155c77f19a",
            "timeouts": null
          },
          "sensitive_attributes": [],
          "identity_schema_version": 0,
          "identity": {
            "account_id": "106295460257",
            "id": "rtbassoc-0badcc59451c74582",
            "region": "ap-south-1"
          },
          "private": "eyJlMmJmYjczMC1lY2FhLTExZTYtOGY4OC0zNDM2M2JjN2M0YzAiOnsiY3JlYXRlIjozMDAwMDAwMDAwMDAsImRlbGV0ZSI6MzAwMDAwMDAwMDAwLCJ1cGRhdGUiOjEyMDAwMDAwMDAwMH19",
          "dependencies": [
            "module.vpc.aws_eip.nat",
            "module.vpc.aws_internet_gateway.igw",
            "module.vpc.aws_nat_gateway.nat",
            "module.vpc.aws_route_table.private",
            "module.vpc.aws_subnet.private_app",
            "module.vpc.aws_subnet.public",
            "module.vpc.aws_vpc.main"
          ]
        }
      ]
    },
    {
      "module": "module.vpc",
      "mode": "managed",
      "type": "aws_route_table_association",
      "name": "private_db",
      "provider": "module.vpc.provider[\"registry.terraform.io/hashicorp/aws\"]",
      "instances": [
        {
          "index_key": 0,
          "schema_version": 0,
          "attributes": {
            "gateway_id": "",
            "id": "rtbassoc-0ae369fa48f39f54a",
            "region": "ap-south-1",
            "route_table_id": "rtb-0e2465950fdf6a7a4",
            "subnet_id": "subnet-0c754a6548861d4ec",
            "timeouts": null
          },
          "sensitive_attributes": [],
          "identity_schema_version": 0,
          "identity": {
            "account_id": "106295460257",
            "id": "rtbassoc-0ae369fa48f39f54a",
            "region": "ap-south-1"
          },
          "private": "eyJlMmJmYjczMC1lY2FhLTExZTYtOGY4OC0zNDM2M2JjN2M0YzAiOnsiY3JlYXRlIjozMDAwMDAwMDAwMDAsImRlbGV0ZSI6MzAwMDAwMDAwMDAwLCJ1cGRhdGUiOjEyMDAwMDAwMDAwMH19",
          "dependencies": [
            "module.vpc.aws_eip.nat",
            "module.vpc.aws_internet_gateway.igw",
            "module.vpc.aws_nat_gateway.nat",
            "module.vpc.aws_route_table.private",
            "module.vpc.aws_subnet.private_db",
            "module.vpc.aws_subnet.public",
            "module.vpc.aws_vpc.main"
          ]
        },
        {
          "index_key": 1,
          "schema_version": 0,
          "attributes": {
            "gateway_id": "",
            "id": "rtbassoc-02c0a9209ff318971",
            "region": "ap-south-1",
            "route_table_id": "rtb-0e2465950fdf6a7a4",
            "subnet_id": "subnet-0091a77368562049e",
            "timeouts": null
          },
          "sensitive_attributes": [],
          "identity_schema_version": 0,
          "identity": {
            "account_id": "106295460257",
            "id": "rtbassoc-02c0a9209ff318971",
            "region": "ap-south-1"
          },
          "private": "eyJlMmJmYjczMC1lY2FhLTExZTYtOGY4OC0zNDM2M2JjN2M0YzAiOnsiY3JlYXRlIjozMDAwMDAwMDAwMDAsImRlbGV0ZSI6MzAwMDAwMDAwMDAwLCJ1cGRhdGUiOjEyMDAwMDAwMDAwMH19",
          "dependencies": [
            "module.vpc.aws_eip.nat",
            "module.vpc.aws_internet_gateway.igw",
            "module.vpc.aws_nat_gateway.nat",
            "module.vpc.aws_route_table.private",
            "module.vpc.aws_subnet.private_db",
            "module.vpc.aws_subnet.public",
            "module.vpc.aws_vpc.main"
          ]
        }
      ]
    },
    {
      "module": "module.vpc",
      "mode": "managed",
      "type": "aws_route_table_association",
      "name": "public",
      "provider": "module.vpc.provider[\"registry.terraform.io/hashicorp/aws\"]",
      "instances": [
        {
          "index_key": 0,
          "schema_version": 0,
          "attributes": {
            "gateway_id": "",
            "id": "rtbassoc-0f0f5b0d56edcf2b0",
            "region": "ap-south-1",
            "route_table_id": "rtb-072d411e727f1d10e",
            "subnet_id": "subnet-0bb8871fefa45020c",
            "timeouts": null
          },
          "sensitive_attributes": [],
          "identity_schema_version": 0,
          "identity": {
            "account_id": "106295460257",
            "id": "rtbassoc-0f0f5b0d56edcf2b0",
            "region": "ap-south-1"
          },
          "private": "eyJlMmJmYjczMC1lY2FhLTExZTYtOGY4OC0zNDM2M2JjN2M0YzAiOnsiY3JlYXRlIjozMDAwMDAwMDAwMDAsImRlbGV0ZSI6MzAwMDAwMDAwMDAwLCJ1cGRhdGUiOjEyMDAwMDAwMDAwMH19",
          "dependencies": [
            "module.vpc.aws_internet_gateway.igw",
            "module.vpc.aws_route_table.public",
            "module.vpc.aws_subnet.public",
            "module.vpc.aws_vpc.main"
          ]
        },
        {
          "index_key": 1,
          "schema_version": 0,
          "attributes": {
            "gateway_id": "",
            "id": "rtbassoc-0605910cc2f905e0c",
            "region": "ap-south-1",
            "route_table_id": "rtb-072d411e727f1d10e",
            "subnet_id": "subnet-036d0277e1bf52dc9",
            "timeouts": null
          },
          "sensitive_attributes": [],
          "identity_schema_version": 0,
          "identity": {
            "account_id": "106295460257",
            "id": "rtbassoc-0605910cc2f905e0c",
            "region": "ap-south-1"
          },
          "private": "eyJlMmJmYjczMC1lY2FhLTExZTYtOGY4OC0zNDM2M2JjN2M0YzAiOnsiY3JlYXRlIjozMDAwMDAwMDAwMDAsImRlbGV0ZSI6MzAwMDAwMDAwMDAwLCJ1cGRhdGUiOjEyMDAwMDAwMDAwMH19",
          "dependencies": [
            "module.vpc.aws_internet_gateway.igw",
            "module.vpc.aws_route_table.public",
            "module.vpc.aws_subnet.public",
            "module.vpc.aws_vpc.main"
          ]
        }
      ]
    },
    {
      "module": "module.vpc",
      "mode": "managed",
      "type": "aws_subnet",
      "name": "private_app",
      "provider": "module.vpc.provider[\"registry.terraform.io/hashicorp/aws\"]",
      "instances": [
        {
          "index_key": 0,
          "schema_version": 1,
          "attributes": {
            "arn": "arn:aws:ec2:ap-south-1:106295460257:subnet/subnet-0336976f1db462bbb",
            "assign_ipv6_address_on_creation": false,
            "availability_zone": "ap-south-1a",
            "availability_zone_id": "aps1-az1",
            "cidr_block": "10.0.3.0/24",
            "customer_owned_ipv4_pool": "",
            "enable_dns64": false,
            "enable_lni_at_device_index": 0,
            "enable_resource_name_dns_a_record_on_launch": false,
            "enable_resource_name_dns_aaaa_record_on_launch": false,
            "id": "subnet-0336976f1db462bbb",
            "ipv4_ipam_pool_id": null,
            "ipv4_netmask_length": null,
            "ipv6_cidr_block": "",
            "ipv6_cidr_block_association_id": "",
            "ipv6_ipam_pool_id": null,
            "ipv6_native": false,
            "ipv6_netmask_length": null,
            "map_customer_owned_ip_on_launch": false,
            "map_public_ip_on_launch": false,
            "outpost_arn": "",
            "owner_id": "106295460257",
            "private_dns_hostname_type_on_launch": "ip-name",
            "region": "ap-south-1",
            "tags": {
              "Name": "Private-App-1"
            },
            "tags_all": {
              "Name": "Private-App-1"
            },
            "timeouts": null,
            "vpc_id": "vpc-0b01f94f0c1b68688"
          },
          "sensitive_attributes": [],
          "identity_schema_version": 0,
          "identity": {
            "account_id": "106295460257",
            "id": "subnet-0336976f1db462bbb",
            "region": "ap-south-1"
          },
          "private": "eyJlMmJmYjczMC1lY2FhLTExZTYtOGY4OC0zNDM2M2JjN2M0YzAiOnsiY3JlYXRlIjo2MDAwMDAwMDAwMDAsImRlbGV0ZSI6MTIwMDAwMDAwMDAwMH0sInNjaGVtYV92ZXJzaW9uIjoiMSJ9",
          "dependencies": [
            "module.vpc.aws_vpc.main"
          ]
        },
        {
          "index_key": 1,
          "schema_version": 1,
          "attributes": {
            "arn": "arn:aws:ec2:ap-south-1:106295460257:subnet/subnet-046750a155c77f19a",
            "assign_ipv6_address_on_creation": false,
            "availability_zone": "ap-south-1b",
            "availability_zone_id": "aps1-az3",
            "cidr_block": "10.0.4.0/24",
            "customer_owned_ipv4_pool": "",
            "enable_dns64": false,
            "enable_lni_at_device_index": 0,
            "enable_resource_name_dns_a_record_on_launch": false,
            "enable_resource_name_dns_aaaa_record_on_launch": false,
            "id": "subnet-046750a155c77f19a",
            "ipv4_ipam_pool_id": null,
            "ipv4_netmask_length": null,
            "ipv6_cidr_block": "",
            "ipv6_cidr_block_association_id": "",
            "ipv6_ipam_pool_id": null,
            "ipv6_native": false,
            "ipv6_netmask_length": null,
            "map_customer_owned_ip_on_launch": false,
            "map_public_ip_on_launch": false,
            "outpost_arn": "",
            "owner_id": "106295460257",
            "private_dns_hostname_type_on_launch": "ip-name",
            "region": "ap-south-1",
            "tags": {
              "Name": "Private-App-2"
            },
            "tags_all": {
              "Name": "Private-App-2"
            },
            "timeouts": null,
            "vpc_id": "vpc-0b01f94f0c1b68688"
          },
          "sensitive_attributes": [],
          "identity_schema_version": 0,
          "identity": {
            "account_id": "106295460257",
            "id": "subnet-046750a155c77f19a",
            "region": "ap-south-1"
          },
          "private": "eyJlMmJmYjczMC1lY2FhLTExZTYtOGY4OC0zNDM2M2JjN2M0YzAiOnsiY3JlYXRlIjo2MDAwMDAwMDAwMDAsImRlbGV0ZSI6MTIwMDAwMDAwMDAwMH0sInNjaGVtYV92ZXJzaW9uIjoiMSJ9",
          "dependencies": [
            "module.vpc.aws_vpc.main"
          ]
        }
      ]
    },
    {
      "module": "module.vpc",
      "mode": "managed",
      "type": "aws_subnet",
      "name": "private_db",
      "provider": "module.vpc.provider[\"registry.terraform.io/hashicorp/aws\"]",
      "instances": [
        {
          "index_key": 0,
          "schema_version": 1,
          "attributes": {
            "arn": "arn:aws:ec2:ap-south-1:106295460257:subnet/subnet-0c754a6548861d4ec",
            "assign_ipv6_address_on_creation": false,
            "availability_zone": "ap-south-1a",
            "availability_zone_id": "aps1-az1",
            "cidr_block": "10.0.5.0/24",
            "customer_owned_ipv4_pool": "",
            "enable_dns64": false,
            "enable_lni_at_device_index": 0,
            "enable_resource_name_dns_a_record_on_launch": false,
            "enable_resource_name_dns_aaaa_record_on_launch": false,
            "id": "subnet-0c754a6548861d4ec",
            "ipv4_ipam_pool_id": null,
            "ipv4_netmask_length": null,
            "ipv6_cidr_block": "",
            "ipv6_cidr_block_association_id": "",
            "ipv6_ipam_pool_id": null,
            "ipv6_native": false,
            "ipv6_netmask_length": null,
            "map_customer_owned_ip_on_launch": false,
            "map_public_ip_on_launch": false,
            "outpost_arn": "",
            "owner_id": "106295460257",
            "private_dns_hostname_type_on_launch": "ip-name",
            "region": "ap-south-1",
            "tags": {
              "Name": "Private-DB-1"
            },
            "tags_all": {
              "Name": "Private-DB-1"
            },
            "timeouts": null,
            "vpc_id": "vpc-0b01f94f0c1b68688"
          },
          "sensitive_attributes": [],
          "identity_schema_version": 0,
          "identity": {
            "account_id": "106295460257",
            "id": "subnet-0c754a6548861d4ec",
            "region": "ap-south-1"
          },
          "private": "eyJlMmJmYjczMC1lY2FhLTExZTYtOGY4OC0zNDM2M2JjN2M0YzAiOnsiY3JlYXRlIjo2MDAwMDAwMDAwMDAsImRlbGV0ZSI6MTIwMDAwMDAwMDAwMH0sInNjaGVtYV92ZXJzaW9uIjoiMSJ9",
          "dependencies": [
            "module.vpc.aws_vpc.main"
          ]
        },
        {
          "index_key": 1,
          "schema_version": 1,
          "attributes": {
            "arn": "arn:aws:ec2:ap-south-1:106295460257:subnet/subnet-0091a77368562049e",
            "assign_ipv6_address_on_creation": false,
            "availability_zone": "ap-south-1b",
            "availability_zone_id": "aps1-az3",
            "cidr_block": "10.0.6.0/24",
            "customer_owned_ipv4_pool": "",
            "enable_dns64": false,
            "enable_lni_at_device_index": 0,
            "enable_resource_name_dns_a_record_on_launch": false,
            "enable_resource_name_dns_aaaa_record_on_launch": false,
            "id": "subnet-0091a77368562049e",
            "ipv4_ipam_pool_id": null,
            "ipv4_netmask_length": null,
            "ipv6_cidr_block": "",
            "ipv6_cidr_block_association_id": "",
            "ipv6_ipam_pool_id": null,
            "ipv6_native": false,
            "ipv6_netmask_length": null,
            "map_customer_owned_ip_on_launch": false,
            "map_public_ip_on_launch": false,
            "outpost_arn": "",
            "owner_id": "106295460257",
            "private_dns_hostname_type_on_launch": "ip-name",
            "region": "ap-south-1",
            "tags": {
              "Name": "Private-DB-2"
            },
            "tags_all": {
              "Name": "Private-DB-2"
            },
            "timeouts": null,
            "vpc_id": "vpc-0b01f94f0c1b68688"
          },
          "sensitive_attributes": [],
          "identity_schema_version": 0,
          "identity": {
            "account_id": "106295460257",
            "id": "subnet-0091a77368562049e",
            "region": "ap-south-1"
          },
          "private": "eyJlMmJmYjczMC1lY2FhLTExZTYtOGY4OC0zNDM2M2JjN2M0YzAiOnsiY3JlYXRlIjo2MDAwMDAwMDAwMDAsImRlbGV0ZSI6MTIwMDAwMDAwMDAwMH0sInNjaGVtYV92ZXJzaW9uIjoiMSJ9",
          "dependencies": [
            "module.vpc.aws_vpc.main"
          ]
        }
      ]
    },
    {
      "module": "module.vpc",
      "mode": "managed",
      "type": "aws_subnet",
      "name": "public",
      "provider": "module.vpc.provider[\"registry.terraform.io/hashicorp/aws\"]",
      "instances": [
        {
          "index_key": 0,
          "schema_version": 1,
          "attributes": {
            "arn": "arn:aws:ec2:ap-south-1:106295460257:subnet/subnet-0bb8871fefa45020c",
            "assign_ipv6_address_on_creation": false,
            "availability_zone": "ap-south-1a",
            "availability_zone_id": "aps1-az1",
            "cidr_block": "10.0.1.0/24",
            "customer_owned_ipv4_pool": "",
            "enable_dns64": false,
            "enable_lni_at_device_index": 0,
            "enable_resource_name_dns_a_record_on_launch": false,
            "enable_resource_name_dns_aaaa_record_on_launch": false,
            "id": "subnet-0bb8871fefa45020c",
            "ipv4_ipam_pool_id": null,
            "ipv4_netmask_length": null,
            "ipv6_cidr_block": "",
            "ipv6_cidr_block_association_id": "",
            "ipv6_ipam_pool_id": null,
            "ipv6_native": false,
            "ipv6_netmask_length": null,
            "map_customer_owned_ip_on_launch": false,
            "map_public_ip_on_launch": true,
            "outpost_arn": "",
            "owner_id": "106295460257",
            "private_dns_hostname_type_on_launch": "ip-name",
            "region": "ap-south-1",
            "tags": {
              "Name": "Public-Subnet-1"
            },
            "tags_all": {
              "Name": "Public-Subnet-1"
            },
            "timeouts": null,
            "vpc_id": "vpc-0b01f94f0c1b68688"
          },
          "sensitive_attributes": [],
          "identity_schema_version": 0,
          "identity": {
            "account_id": "106295460257",
            "id": "subnet-0bb8871fefa45020c",
            "region": "ap-south-1"
          },
          "private": "eyJlMmJmYjczMC1lY2FhLTExZTYtOGY4OC0zNDM2M2JjN2M0YzAiOnsiY3JlYXRlIjo2MDAwMDAwMDAwMDAsImRlbGV0ZSI6MTIwMDAwMDAwMDAwMH0sInNjaGVtYV92ZXJzaW9uIjoiMSJ9",
          "dependencies": [
            "module.vpc.aws_vpc.main"
          ]
        },
        {
          "index_key": 1,
          "schema_version": 1,
          "attributes": {
            "arn": "arn:aws:ec2:ap-south-1:106295460257:subnet/subnet-036d0277e1bf52dc9",
            "assign_ipv6_address_on_creation": false,
            "availability_zone": "ap-south-1b",
            "availability_zone_id": "aps1-az3",
            "cidr_block": "10.0.2.0/24",
            "customer_owned_ipv4_pool": "",
            "enable_dns64": false,
            "enable_lni_at_device_index": 0,
            "enable_resource_name_dns_a_record_on_launch": false,
            "enable_resource_name_dns_aaaa_record_on_launch": false,
            "id": "subnet-036d0277e1bf52dc9",
            "ipv4_ipam_pool_id": null,
            "ipv4_netmask_length": null,
            "ipv6_cidr_block": "",
            "ipv6_cidr_block_association_id": "",
            "ipv6_ipam_pool_id": null,
            "ipv6_native": false,
            "ipv6_netmask_length": null,
            "map_customer_owned_ip_on_launch": false,
            "map_public_ip_on_launch": true,
            "outpost_arn": "",
            "owner_id": "106295460257",
            "private_dns_hostname_type_on_launch": "ip-name",
            "region": "ap-south-1",
            "tags": {
              "Name": "Public-Subnet-2"
            },
            "tags_all": {
              "Name": "Public-Subnet-2"
            },
            "timeouts": null,
            "vpc_id": "vpc-0b01f94f0c1b68688"
          },
          "sensitive_attributes": [],
          "identity_schema_version": 0,
          "identity": {
            "account_id": "106295460257",
            "id": "subnet-036d0277e1bf52dc9",
            "region": "ap-south-1"
          },
          "private": "eyJlMmJmYjczMC1lY2FhLTExZTYtOGY4OC0zNDM2M2JjN2M0YzAiOnsiY3JlYXRlIjo2MDAwMDAwMDAwMDAsImRlbGV0ZSI6MTIwMDAwMDAwMDAwMH0sInNjaGVtYV92ZXJzaW9uIjoiMSJ9",
          "dependencies": [
            "module.vpc.aws_vpc.main"
          ]
        }
      ]
    },
    {
      "module": "module.vpc",
      "mode": "managed",
      "type": "aws_vpc",
      "name": "main",
      "provider": "module.vpc.provider[\"registry.terraform.io/hashicorp/aws\"]",
      "instances": [
        {
          "schema_version": 1,
          "attributes": {
            "arn": "arn:aws:ec2:ap-south-1:106295460257:vpc/vpc-0b01f94f0c1b68688",
            "assign_generated_ipv6_cidr_block": false,
            "cidr_block": "10.0.0.0/16",
            "default_network_acl_id": "acl-009d602d7fd8f0356",
            "default_route_table_id": "rtb-038cd5bdf5ca143d8",
            "default_security_group_id": "sg-028893d8fa7929b12",
            "dhcp_options_id": "dopt-0b7ae5ee0d782c768",
            "enable_dns_hostnames": true,
            "enable_dns_support": true,
            "enable_network_address_usage_metrics": false,
            "id": "vpc-0b01f94f0c1b68688",
            "instance_tenancy": "default",
            "ipv4_ipam_pool_id": null,
            "ipv4_netmask_length": null,
            "ipv6_association_id": "",
            "ipv6_cidr_block": "",
            "ipv6_cidr_block_network_border_group": "",
            "ipv6_ipam_pool_id": "",
            "ipv6_netmask_length": 0,
            "main_route_table_id": "rtb-038cd5bdf5ca143d8",
            "owner_id": "106295460257",
            "region": "ap-south-1",
            "tags": {
              "Name": "three-tier-vpc"
            },
            "tags_all": {
              "Name": "three-tier-vpc"
            }
          },
          "sensitive_attributes": [],
          "identity_schema_version": 0,
          "identity": {
            "account_id": "106295460257",
            "id": "vpc-0b01f94f0c1b68688",
            "region": "ap-south-1"
          },
          "private": "eyJzY2hlbWFfdmVyc2lvbiI6IjEifQ=="
        }
      ]
    }
  ],
  "check_results": null
}
