{
  "version": 4,
  "terraform_version": "1.14.8",
  "serial": 318,
  "lineage": "222b8d34-64de-96bf-3c7b-ed0e96c03cc9",
  "outputs": {},
  "resources": [
    {
      "module": "module.vpc",
      "mode": "managed",
      "type": "aws_vpc",
      "name": "THIS_VPC",
      "provider": "provider[\"registry.terraform.io/hashicorp/aws\"]",
      "instances": [
        {
          "schema_version": 1,
          "attributes": {
            "arn": "arn:aws:ec2:ap-south-1:106295460257:vpc/vpc-0e42dfbceff1d9822",
            "assign_generated_ipv6_cidr_block": false,
            "cidr_block": "10.0.0.0/16",
            "default_network_acl_id": "acl-056ff6660980f3f02",
            "default_route_table_id": "rtb-03f333aacde15d623",
            "default_security_group_id": "sg-0bb90c2c8cf2c3e9d",
            "dhcp_options_id": "dopt-0b7ae5ee0d782c768",
            "enable_dns_hostnames": true,
            "enable_dns_support": true,
            "enable_network_address_usage_metrics": false,
            "id": "vpc-0e42dfbceff1d9822",
            "instance_tenancy": "default",
            "ipv4_ipam_pool_id": null,
            "ipv4_netmask_length": null,
            "ipv6_association_id": "",
            "ipv6_cidr_block": "",
            "ipv6_cidr_block_network_border_group": "",
            "ipv6_ipam_pool_id": "",
            "ipv6_netmask_length": 0,
            "main_route_table_id": "rtb-03f333aacde15d623",
            "owner_id": "106295460257",
            "tags": {
              "Name": "ecs-three-tier-vpc"
            },
            "tags_all": {
              "Name": "ecs-three-tier-vpc"
            }
          },
          "sensitive_attributes": [],
          "identity_schema_version": 0,
          "private": "eyJzY2hlbWFfdmVyc2lvbiI6IjEifQ=="
        }
      ]
    }
  ],
  "check_results": null
}
